// !$*UTF8*$!
{
	archiveVersion = 1;
	classes = {
	};
	objectVersion = 56;
	objects = {

/* Begin PBXBuildFile section */
		E03CF71E2C7E0C7900E420EB /* ProfileEditViewController.swift in Sources */ = {isa = PBXBuildFile; fileRef = E03CF71D2C7E0C7900E420EB /* ProfileEditViewController.swift */; };
		E03CF7202C7E0F2700E420EB /* RoundedButton.swift in Sources */ = {isa = PBXBuildFile; fileRef = E03CF71F2C7E0F2700E420EB /* RoundedButton.swift */; };
		E03CF7222C7E10BD00E420EB /* ProfileEditViewModel.swift in Sources */ = {isa = PBXBuildFile; fileRef = E03CF7212C7E10BD00E420EB /* ProfileEditViewModel.swift */; };
		E03CF7242C7E142900E420EB /* ProfileEditView.swift in Sources */ = {isa = PBXBuildFile; fileRef = E03CF7232C7E142900E420EB /* ProfileEditView.swift */; };
		E03CF7352C7F6E6B00E420EB /* PayView.swift in Sources */ = {isa = PBXBuildFile; fileRef = E03CF7342C7F6E6B00E420EB /* PayView.swift */; };
		E03CF7372C7F776900E420EB /* AddPriceViewController.swift in Sources */ = {isa = PBXBuildFile; fileRef = E03CF7362C7F776900E420EB /* AddPriceViewController.swift */; };
		E03CF7402C8068C400E420EB /* Reactive + UIViewController.swift in Sources */ = {isa = PBXBuildFile; fileRef = E03CF73F2C8068C400E420EB /* Reactive + UIViewController.swift */; };
		E03CF7432C80C19600E420EB /* iamport-ios in Frameworks */ = {isa = PBXBuildFile; productRef = E03CF7422C80C19600E420EB /* iamport-ios */; };
		E03CF7452C80CFF600E420EB /* WebViewController.swift in Sources */ = {isa = PBXBuildFile; fileRef = E03CF7442C80CFF600E420EB /* WebViewController.swift */; };
		E03CF7492C81920200E420EB /* PayQuery.swift in Sources */ = {isa = PBXBuildFile; fileRef = E03CF7482C81920200E420EB /* PayQuery.swift */; };
		E03CF74B2C8192DE00E420EB /* Reciept.swift in Sources */ = {isa = PBXBuildFile; fileRef = E03CF74A2C8192DE00E420EB /* Reciept.swift */; };
		E03CF74E2C81A06B00E420EB /* PayRouter.swift in Sources */ = {isa = PBXBuildFile; fileRef = E03CF74D2C81A06B00E420EB /* PayRouter.swift */; };
		E03CF7522C81B27700E420EB /* NetworkService + Pay.swift in Sources */ = {isa = PBXBuildFile; fileRef = E03CF7512C81B27700E420EB /* NetworkService + Pay.swift */; };
		E06B81BE2C6B7AA0009E4B40 /* AppDelegate.swift in Sources */ = {isa = PBXBuildFile; fileRef = E06B81BD2C6B7AA0009E4B40 /* AppDelegate.swift */; };
		E06B81C02C6B7AA0009E4B40 /* SceneDelegate.swift in Sources */ = {isa = PBXBuildFile; fileRef = E06B81BF2C6B7AA0009E4B40 /* SceneDelegate.swift */; };
		E06B81C72C6B7AA2009E4B40 /* Assets.xcassets in Resources */ = {isa = PBXBuildFile; fileRef = E06B81C62C6B7AA2009E4B40 /* Assets.xcassets */; };
		E06B81CA2C6B7AA2009E4B40 /* Base in Resources */ = {isa = PBXBuildFile; fileRef = E06B81C92C6B7AA2009E4B40 /* Base */; };
		E06B81D22C6B7AC2009E4B40 /* .gitignore in Resources */ = {isa = PBXBuildFile; fileRef = E06B81D12C6B7AC2009E4B40 /* .gitignore */; };
		E06B81D42C6B7ADE009E4B40 /* APIKey.swift in Sources */ = {isa = PBXBuildFile; fileRef = E06B81D32C6B7ADE009E4B40 /* APIKey.swift */; };
		E06B81D82C6B7B1D009E4B40 /* BaseViewController.swift in Sources */ = {isa = PBXBuildFile; fileRef = E06B81D72C6B7B1D009E4B40 /* BaseViewController.swift */; };
		E06B81DA2C6B7B56009E4B40 /* BaseView.swift in Sources */ = {isa = PBXBuildFile; fileRef = E06B81D92C6B7B56009E4B40 /* BaseView.swift */; };
		E06B81DC2C6B7BC7009E4B40 /* BaseTableViewCell.swift in Sources */ = {isa = PBXBuildFile; fileRef = E06B81DB2C6B7BC7009E4B40 /* BaseTableViewCell.swift */; };
		E06B81DF2C6B7C3E009E4B40 /* Toast in Frameworks */ = {isa = PBXBuildFile; productRef = E06B81DE2C6B7C3E009E4B40 /* Toast */; };
		E06B81E22C6B7C48009E4B40 /* Alamofire in Frameworks */ = {isa = PBXBuildFile; productRef = E06B81E12C6B7C48009E4B40 /* Alamofire */; };
		E06B81E52C6B7C5C009E4B40 /* Kingfisher in Frameworks */ = {isa = PBXBuildFile; productRef = E06B81E42C6B7C5C009E4B40 /* Kingfisher */; };
		E06B81E82C6B7C6C009E4B40 /* RxCocoa in Frameworks */ = {isa = PBXBuildFile; productRef = E06B81E72C6B7C6C009E4B40 /* RxCocoa */; };
		E06B81EA2C6B7C6C009E4B40 /* RxSwift in Frameworks */ = {isa = PBXBuildFile; productRef = E06B81E92C6B7C6C009E4B40 /* RxSwift */; };
		E06B81ED2C6B7C76009E4B40 /* SnapKit in Frameworks */ = {isa = PBXBuildFile; productRef = E06B81EC2C6B7C76009E4B40 /* SnapKit */; };
		E06B81F02C6B7C87009E4B40 /* Resource.swift in Sources */ = {isa = PBXBuildFile; fileRef = E06B81EF2C6B7C87009E4B40 /* Resource.swift */; };
		E06B81F32C6B7D56009E4B40 /* PlusButton.swift in Sources */ = {isa = PBXBuildFile; fileRef = E06B81F22C6B7D56009E4B40 /* PlusButton.swift */; };
		E06B81FC2C6B7E63009E4B40 /* LoginViewController.swift in Sources */ = {isa = PBXBuildFile; fileRef = E06B81FB2C6B7E63009E4B40 /* LoginViewController.swift */; };
		E06B81FE2C6B7ED6009E4B40 /* BaseViewModel.swift in Sources */ = {isa = PBXBuildFile; fileRef = E06B81FD2C6B7ED6009E4B40 /* BaseViewModel.swift */; };
		E06B82012C6B7F0E009E4B40 /* ReusableIdentifier.swift in Sources */ = {isa = PBXBuildFile; fileRef = E06B82002C6B7F0E009E4B40 /* ReusableIdentifier.swift */; };
		E06B82032C6B9D14009E4B40 /* TabBarController.swift in Sources */ = {isa = PBXBuildFile; fileRef = E06B82022C6B9D14009E4B40 /* TabBarController.swift */; };
		E06B82052C6B9E5C009E4B40 /* FeedViewController.swift in Sources */ = {isa = PBXBuildFile; fileRef = E06B82042C6B9E5C009E4B40 /* FeedViewController.swift */; };
		E06B82072C6B9E6D009E4B40 /* ProfileViewController.swift in Sources */ = {isa = PBXBuildFile; fileRef = E06B82062C6B9E6D009E4B40 /* ProfileViewController.swift */; };
		E06B820A2C6BA3A6009E4B40 /* UserDefaultsManager.swift in Sources */ = {isa = PBXBuildFile; fileRef = E06B82092C6BA3A6009E4B40 /* UserDefaultsManager.swift */; };
		E06B820D2C6BA517009E4B40 /* NetworkService.swift in Sources */ = {isa = PBXBuildFile; fileRef = E06B820C2C6BA517009E4B40 /* NetworkService.swift */; };
		E06B820F2C6BA51C009E4B40 /* AuthorizationRouter.swift in Sources */ = {isa = PBXBuildFile; fileRef = E06B820E2C6BA51C009E4B40 /* AuthorizationRouter.swift */; };
		E06B82122C6BA553009E4B40 /* LoginQuery.swift in Sources */ = {isa = PBXBuildFile; fileRef = E06B82112C6BA553009E4B40 /* LoginQuery.swift */; };
		E06B82172C6BAEF3009E4B40 /* LoginViewModel.swift in Sources */ = {isa = PBXBuildFile; fileRef = E06B82162C6BAEF3009E4B40 /* LoginViewModel.swift */; };
		E06B82192C6BB14E009E4B40 /* CustomTextField.swift in Sources */ = {isa = PBXBuildFile; fileRef = E06B82182C6BB14E009E4B40 /* CustomTextField.swift */; };
		E06B821E2C6BBE36009E4B40 /* UIViewController + Extension.swift in Sources */ = {isa = PBXBuildFile; fileRef = E06B821D2C6BBE36009E4B40 /* UIViewController + Extension.swift */; };
		E06B825D2C6C5B0A009E4B40 /* Localizable.xcstrings in Resources */ = {isa = PBXBuildFile; fileRef = E06B825C2C6C5B0A009E4B40 /* Localizable.xcstrings */; };
		E06B82622C6C5CBE009E4B40 /* String + Extension.swift in Sources */ = {isa = PBXBuildFile; fileRef = E06B82612C6C5CBE009E4B40 /* String + Extension.swift */; };
		E06B82652C6CCD59009E4B40 /* Login.swift in Sources */ = {isa = PBXBuildFile; fileRef = E06B82642C6CCD59009E4B40 /* Login.swift */; };
		E06B82672C6CD694009E4B40 /* TargetType.swift in Sources */ = {isa = PBXBuildFile; fileRef = E06B82662C6CD694009E4B40 /* TargetType.swift */; };
		E06B826C2C6CE5A0009E4B40 /* SignUpViewController.swift in Sources */ = {isa = PBXBuildFile; fileRef = E06B826B2C6CE5A0009E4B40 /* SignUpViewController.swift */; };
		E06B826E2C6CE893009E4B40 /* RefreshToken.swift in Sources */ = {isa = PBXBuildFile; fileRef = E06B826D2C6CE893009E4B40 /* RefreshToken.swift */; };
		E06B82722C6CED3D009E4B40 /* SignupQuery.swift in Sources */ = {isa = PBXBuildFile; fileRef = E06B82712C6CED3D009E4B40 /* SignupQuery.swift */; };
		E06B82742C6CF0F2009E4B40 /* Signup.swift in Sources */ = {isa = PBXBuildFile; fileRef = E06B82732C6CF0F2009E4B40 /* Signup.swift */; };
		E06B82762C6CFCC5009E4B40 /* EmailQuery.swift in Sources */ = {isa = PBXBuildFile; fileRef = E06B82752C6CFCC5009E4B40 /* EmailQuery.swift */; };
		E06B82782C6CFD1A009E4B40 /* EmailValidation.swift in Sources */ = {isa = PBXBuildFile; fileRef = E06B82772C6CFD1A009E4B40 /* EmailValidation.swift */; };
		E06B827A2C6CFFDF009E4B40 /* Withdraw.swift in Sources */ = {isa = PBXBuildFile; fileRef = E06B82792C6CFFDF009E4B40 /* Withdraw.swift */; };
		E06B827C2C6D04E5009E4B40 /* SignUpView.swift in Sources */ = {isa = PBXBuildFile; fileRef = E06B827B2C6D04E5009E4B40 /* SignUpView.swift */; };
		E06B82852C6D0B7A009E4B40 /* SignUpViewModel.swift in Sources */ = {isa = PBXBuildFile; fileRef = E06B82842C6D0B7A009E4B40 /* SignUpViewModel.swift */; };
		E06B82872C6D0F00009E4B40 /* NextButton.swift in Sources */ = {isa = PBXBuildFile; fileRef = E06B82862C6D0F00009E4B40 /* NextButton.swift */; };
		E06B82892C6F89C0009E4B40 /* PostRouter.swift in Sources */ = {isa = PBXBuildFile; fileRef = E06B82882C6F89C0009E4B40 /* PostRouter.swift */; };
		E06B82952C6F9193009E4B40 /* NetworkService + Authorization.swift in Sources */ = {isa = PBXBuildFile; fileRef = E06B82942C6F9193009E4B40 /* NetworkService + Authorization.swift */; };
		E06B82972C6F9211009E4B40 /* NetworkService + Post.swift in Sources */ = {isa = PBXBuildFile; fileRef = E06B82962C6F9211009E4B40 /* NetworkService + Post.swift */; };
		E06B829C2C6F9294009E4B40 /* Files.swift in Sources */ = {isa = PBXBuildFile; fileRef = E06B829B2C6F9294009E4B40 /* Files.swift */; };
		E06B82A02C6F9684009E4B40 /* Errors.swift in Sources */ = {isa = PBXBuildFile; fileRef = E06B829F2C6F9684009E4B40 /* Errors.swift */; };
		E06B82A22C6FAD87009E4B40 /* FeedView.swift in Sources */ = {isa = PBXBuildFile; fileRef = E06B82A12C6FAD87009E4B40 /* FeedView.swift */; };
		E06B82A42C7071AE009E4B40 /* UploadPostQuery.swift in Sources */ = {isa = PBXBuildFile; fileRef = E06B82A32C7071AE009E4B40 /* UploadPostQuery.swift */; };
		E06B82A62C7074B9009E4B40 /* Posts.swift in Sources */ = {isa = PBXBuildFile; fileRef = E06B82A52C7074B9009E4B40 /* Posts.swift */; };
		E06B82A82C70801B009E4B40 /* GetPostsQuery.swift in Sources */ = {isa = PBXBuildFile; fileRef = E06B82A72C70801B009E4B40 /* GetPostsQuery.swift */; };
		E06B82AC2C722358009E4B40 /* AuthInterceptor.swift in Sources */ = {isa = PBXBuildFile; fileRef = E06B82AB2C722358009E4B40 /* AuthInterceptor.swift */; };
		E06B82AE2C722908009E4B40 /* FeedViewModel.swift in Sources */ = {isa = PBXBuildFile; fileRef = E06B82AD2C722908009E4B40 /* FeedViewModel.swift */; };
		E06B82B02C723FD5009E4B40 /* BaseCollectionViewCell.swift in Sources */ = {isa = PBXBuildFile; fileRef = E06B82AF2C723FD5009E4B40 /* BaseCollectionViewCell.swift */; };
		E06B82B22C724018009E4B40 /* FeedCollectionViewCell.swift in Sources */ = {isa = PBXBuildFile; fileRef = E06B82B12C724018009E4B40 /* FeedCollectionViewCell.swift */; };
		E06B82B42C7243ED009E4B40 /* ThreeThumbnailView.swift in Sources */ = {isa = PBXBuildFile; fileRef = E06B82B32C7243ED009E4B40 /* ThreeThumbnailView.swift */; };
		E06B82B62C72C178009E4B40 /* TwoThumbnailView.swift in Sources */ = {isa = PBXBuildFile; fileRef = E06B82B52C72C178009E4B40 /* TwoThumbnailView.swift */; };
		E06B82B82C72C218009E4B40 /* OneThumbnailView.swift in Sources */ = {isa = PBXBuildFile; fileRef = E06B82B72C72C218009E4B40 /* OneThumbnailView.swift */; };
		E06B82BF2C72C828009E4B40 /* InteractionView.swift in Sources */ = {isa = PBXBuildFile; fileRef = E06B82BE2C72C828009E4B40 /* InteractionView.swift */; };
		E06B82C12C72C962009E4B40 /* BookCollectionViewCell.swift in Sources */ = {isa = PBXBuildFile; fileRef = E06B82C02C72C962009E4B40 /* BookCollectionViewCell.swift */; };
		E06B82CB2C72F300009E4B40 /* UserContentsView.swift in Sources */ = {isa = PBXBuildFile; fileRef = E06B82CA2C72F300009E4B40 /* UserContentsView.swift */; };
		E06B82CF2C72F996009E4B40 /* ThumbnailView.swift in Sources */ = {isa = PBXBuildFile; fileRef = E06B82CE2C72F996009E4B40 /* ThumbnailView.swift */; };
		E06B82D32C732D34009E4B40 /* UICollectionViewLayout + Extension.swift in Sources */ = {isa = PBXBuildFile; fileRef = E06B82D22C732D34009E4B40 /* UICollectionViewLayout + Extension.swift */; };
		E06B82D82C738E9F009E4B40 /* AddPostViewController.swift in Sources */ = {isa = PBXBuildFile; fileRef = E06B82D72C738E9F009E4B40 /* AddPostViewController.swift */; };
		E0B9D0DE2C747DF0005858E1 /* LikeQuery.swift in Sources */ = {isa = PBXBuildFile; fileRef = E0B9D0DD2C747DF0005858E1 /* LikeQuery.swift */; };
		E0B9D0E02C747EEB005858E1 /* LikeStatus.swift in Sources */ = {isa = PBXBuildFile; fileRef = E0B9D0DF2C747EEB005858E1 /* LikeStatus.swift */; };
		E0B9D0E22C74B772005858E1 /* TextViewToolbarView.swift in Sources */ = {isa = PBXBuildFile; fileRef = E0B9D0E12C74B772005858E1 /* TextViewToolbarView.swift */; };
		E0B9D0E42C74C88D005858E1 /* CustomBorder.swift in Sources */ = {isa = PBXBuildFile; fileRef = E0B9D0E32C74C88D005858E1 /* CustomBorder.swift */; };
		E0B9D0E62C74CD49005858E1 /* PhotoCollectionViewCell.swift in Sources */ = {isa = PBXBuildFile; fileRef = E0B9D0E52C74CD49005858E1 /* PhotoCollectionViewCell.swift */; };
		E0B9D0E82C74E771005858E1 /* AddPostViewModel.swift in Sources */ = {isa = PBXBuildFile; fileRef = E0B9D0E72C74E771005858E1 /* AddPostViewModel.swift */; };
		E0B9D0EA2C74E802005858E1 /* AddPostView.swift in Sources */ = {isa = PBXBuildFile; fileRef = E0B9D0E92C74E802005858E1 /* AddPostView.swift */; };
		E0B9D0ED2C756B7E005858E1 /* BookCollectionView.swift in Sources */ = {isa = PBXBuildFile; fileRef = E0B9D0EC2C756B7E005858E1 /* BookCollectionView.swift */; };
		E0B9D10A2C756D49005858E1 /* AddBookViewController.swift in Sources */ = {isa = PBXBuildFile; fileRef = E0B9D1092C756D49005858E1 /* AddBookViewController.swift */; };
		E0B9D10C2C756D5E005858E1 /* AddBookView.swift in Sources */ = {isa = PBXBuildFile; fileRef = E0B9D10B2C756D5E005858E1 /* AddBookView.swift */; };
		E0B9D1282C759347005858E1 /* SearchBookTableViewCell.swift in Sources */ = {isa = PBXBuildFile; fileRef = E0B9D1272C759347005858E1 /* SearchBookTableViewCell.swift */; };
		E0B9D12E2C7598A2005858E1 /* Book.swift in Sources */ = {isa = PBXBuildFile; fileRef = E0B9D12D2C7598A2005858E1 /* Book.swift */; };
		E0B9D1302C7598B7005858E1 /* BookRouter.swift in Sources */ = {isa = PBXBuildFile; fileRef = E0B9D12F2C7598B7005858E1 /* BookRouter.swift */; };
		E0B9D1322C759951005858E1 /* BookSearchQuery.swift in Sources */ = {isa = PBXBuildFile; fileRef = E0B9D1312C759951005858E1 /* BookSearchQuery.swift */; };
		E0B9D1342C759AC3005858E1 /* NetworkService + Book.swift in Sources */ = {isa = PBXBuildFile; fileRef = E0B9D1332C759AC3005858E1 /* NetworkService + Book.swift */; };
		E0B9D1362C75CA61005858E1 /* AddBookViewModel.swift in Sources */ = {isa = PBXBuildFile; fileRef = E0B9D1352C75CA61005858E1 /* AddBookViewModel.swift */; };
		E0B9D1422C7784F1005858E1 /* ImageFetcher.swift in Sources */ = {isa = PBXBuildFile; fileRef = E0B9D1412C7784F1005858E1 /* ImageFetcher.swift */; };
		E0B9D1462C778D1B005858E1 /* PostViewController.swift in Sources */ = {isa = PBXBuildFile; fileRef = E0B9D1452C778D1B005858E1 /* PostViewController.swift */; };
		E0B9D1482C778D31005858E1 /* PostView.swift in Sources */ = {isa = PBXBuildFile; fileRef = E0B9D1472C778D31005858E1 /* PostView.swift */; };
		E0B9D14A2C7793FA005858E1 /* PostViewModel.swift in Sources */ = {isa = PBXBuildFile; fileRef = E0B9D1492C7793FA005858E1 /* PostViewModel.swift */; };
		E0B9D14C2C779FD3005858E1 /* HashtagCollectionViewCell.swift in Sources */ = {isa = PBXBuildFile; fileRef = E0B9D14B2C779FD3005858E1 /* HashtagCollectionViewCell.swift */; };
		E0B9D14E2C785139005858E1 /* PostHeaderView.swift in Sources */ = {isa = PBXBuildFile; fileRef = E0B9D14D2C785139005858E1 /* PostHeaderView.swift */; };
		E0B9D1552C787AAC005858E1 /* CommentTableViewCell.swift in Sources */ = {isa = PBXBuildFile; fileRef = E0B9D1542C787AAC005858E1 /* CommentTableViewCell.swift */; };
		E0B9D1572C78864B005858E1 /* DetailPhotoCollectionViewCell.swift in Sources */ = {isa = PBXBuildFile; fileRef = E0B9D1562C78864B005858E1 /* DetailPhotoCollectionViewCell.swift */; };
		E0B9D1612C78DC82005858E1 /* CommentInputView.swift in Sources */ = {isa = PBXBuildFile; fileRef = E0B9D1602C78DC82005858E1 /* CommentInputView.swift */; };
		E0B9D1662C78E106005858E1 /* IQKeyboardManagerSwift in Frameworks */ = {isa = PBXBuildFile; productRef = E0B9D1652C78E106005858E1 /* IQKeyboardManagerSwift */; };
		E0B9D1682C78EA59005858E1 /* CommentQuery.swift in Sources */ = {isa = PBXBuildFile; fileRef = E0B9D1672C78EA59005858E1 /* CommentQuery.swift */; };
		E0B9D16A2C797D09005858E1 /* UserProfileImageView.swift in Sources */ = {isa = PBXBuildFile; fileRef = E0B9D1692C797D09005858E1 /* UserProfileImageView.swift */; };
		E0B9D16C2C7981E5005858E1 /* Comment.swift in Sources */ = {isa = PBXBuildFile; fileRef = E0B9D16B2C7981E5005858E1 /* Comment.swift */; };
		E0B9D16E2C79820F005858E1 /* User.swift in Sources */ = {isa = PBXBuildFile; fileRef = E0B9D16D2C79820F005858E1 /* User.swift */; };
		E0B9D1702C79BB24005858E1 /* BookmarkQuery.swift in Sources */ = {isa = PBXBuildFile; fileRef = E0B9D16F2C79BB24005858E1 /* BookmarkQuery.swift */; };
		E0B9D1722C79BB63005858E1 /* BookmarkStatus.swift in Sources */ = {isa = PBXBuildFile; fileRef = E0B9D1712C79BB63005858E1 /* BookmarkStatus.swift */; };
		E0B9D1752C79C596005858E1 /* BookViewController.swift in Sources */ = {isa = PBXBuildFile; fileRef = E0B9D1742C79C596005858E1 /* BookViewController.swift */; };
		E0B9D1772C79C5D3005858E1 /* BookView.swift in Sources */ = {isa = PBXBuildFile; fileRef = E0B9D1762C79C5D3005858E1 /* BookView.swift */; };
		E0B9D1792C7A34E2005858E1 /* BookInfoView.swift in Sources */ = {isa = PBXBuildFile; fileRef = E0B9D1782C7A34E2005858E1 /* BookInfoView.swift */; };
		E0B9D17D2C7B02E0005858E1 /* UserInfoView.swift in Sources */ = {isa = PBXBuildFile; fileRef = E0B9D17C2C7B02E0005858E1 /* UserInfoView.swift */; };
		E0B9D1862C7C2B53005858E1 /* Tabman in Frameworks */ = {isa = PBXBuildFile; productRef = E0B9D1852C7C2B53005858E1 /* Tabman */; };
		E0B9D1882C7C2B8B005858E1 /* ProfilePostsViewController.swift in Sources */ = {isa = PBXBuildFile; fileRef = E0B9D1872C7C2B8B005858E1 /* ProfilePostsViewController.swift */; };
		E0B9D18E2C7C36D1005858E1 /* ProfileTabManViewController.swift in Sources */ = {isa = PBXBuildFile; fileRef = E0B9D18D2C7C36D1005858E1 /* ProfileTabManViewController.swift */; };
		E0B9D1972C7C6A8A005858E1 /* ProfilePostsViewModel.swift in Sources */ = {isa = PBXBuildFile; fileRef = E0B9D1962C7C6A8A005858E1 /* ProfilePostsViewModel.swift */; };
		E0B9D19B2C7CAF21005858E1 /* ProfileRouter.swift in Sources */ = {isa = PBXBuildFile; fileRef = E0B9D19A2C7CAF21005858E1 /* ProfileRouter.swift */; };
		E0B9D19E2C7CAFE1005858E1 /* UserProfile.swift in Sources */ = {isa = PBXBuildFile; fileRef = E0B9D19D2C7CAFE1005858E1 /* UserProfile.swift */; };
		E0B9D1A02C7CB077005858E1 /* NetworkService + Profile.swift in Sources */ = {isa = PBXBuildFile; fileRef = E0B9D19F2C7CB077005858E1 /* NetworkService + Profile.swift */; };
		E0B9D1A22C7CB194005858E1 /* ProfileViewModel.swift in Sources */ = {isa = PBXBuildFile; fileRef = E0B9D1A12C7CB194005858E1 /* ProfileViewModel.swift */; };
		E0B9D1A82C7CB8B2005858E1 /* ContentsType.swift in Sources */ = {isa = PBXBuildFile; fileRef = E0B9D1A72C7CB8B2005858E1 /* ContentsType.swift */; };
		E0B9D1AA2C7CB935005858E1 /* FeedTabManViewController.swift in Sources */ = {isa = PBXBuildFile; fileRef = E0B9D1A92C7CB935005858E1 /* FeedTabManViewController.swift */; };
		E0B9D1AC2C7CB9FD005858E1 /* TabmanBar.swift in Sources */ = {isa = PBXBuildFile; fileRef = E0B9D1AB2C7CB9FD005858E1 /* TabmanBar.swift */; };
/* End PBXBuildFile section */

/* Begin PBXFileReference section */
		E03CF71D2C7E0C7900E420EB /* ProfileEditViewController.swift */ = {isa = PBXFileReference; lastKnownFileType = sourcecode.swift; path = ProfileEditViewController.swift; sourceTree = "<group>"; };
		E03CF71F2C7E0F2700E420EB /* RoundedButton.swift */ = {isa = PBXFileReference; lastKnownFileType = sourcecode.swift; path = RoundedButton.swift; sourceTree = "<group>"; };
		E03CF7212C7E10BD00E420EB /* ProfileEditViewModel.swift */ = {isa = PBXFileReference; lastKnownFileType = sourcecode.swift; path = ProfileEditViewModel.swift; sourceTree = "<group>"; };
		E03CF7232C7E142900E420EB /* ProfileEditView.swift */ = {isa = PBXFileReference; lastKnownFileType = sourcecode.swift; path = ProfileEditView.swift; sourceTree = "<group>"; };
		E03CF7342C7F6E6B00E420EB /* PayView.swift */ = {isa = PBXFileReference; lastKnownFileType = sourcecode.swift; path = PayView.swift; sourceTree = "<group>"; };
		E03CF7362C7F776900E420EB /* AddPriceViewController.swift */ = {isa = PBXFileReference; lastKnownFileType = sourcecode.swift; path = AddPriceViewController.swift; sourceTree = "<group>"; };
		E03CF73F2C8068C400E420EB /* Reactive + UIViewController.swift */ = {isa = PBXFileReference; lastKnownFileType = sourcecode.swift; path = "Reactive + UIViewController.swift"; sourceTree = "<group>"; };
		E03CF7442C80CFF600E420EB /* WebViewController.swift */ = {isa = PBXFileReference; lastKnownFileType = sourcecode.swift; path = WebViewController.swift; sourceTree = "<group>"; };
		E03CF7482C81920200E420EB /* PayQuery.swift */ = {isa = PBXFileReference; lastKnownFileType = sourcecode.swift; path = PayQuery.swift; sourceTree = "<group>"; };
		E03CF74A2C8192DE00E420EB /* Reciept.swift */ = {isa = PBXFileReference; lastKnownFileType = sourcecode.swift; path = Reciept.swift; sourceTree = "<group>"; };
		E03CF74D2C81A06B00E420EB /* PayRouter.swift */ = {isa = PBXFileReference; lastKnownFileType = sourcecode.swift; path = PayRouter.swift; sourceTree = "<group>"; };
		E03CF7512C81B27700E420EB /* NetworkService + Pay.swift */ = {isa = PBXFileReference; lastKnownFileType = sourcecode.swift; path = "NetworkService + Pay.swift"; sourceTree = "<group>"; };
		E06B81BA2C6B7AA0009E4B40 /* thisbookthatbook.app */ = {isa = PBXFileReference; explicitFileType = wrapper.application; includeInIndex = 0; path = thisbookthatbook.app; sourceTree = BUILT_PRODUCTS_DIR; };
		E06B81BD2C6B7AA0009E4B40 /* AppDelegate.swift */ = {isa = PBXFileReference; lastKnownFileType = sourcecode.swift; path = AppDelegate.swift; sourceTree = "<group>"; };
		E06B81BF2C6B7AA0009E4B40 /* SceneDelegate.swift */ = {isa = PBXFileReference; lastKnownFileType = sourcecode.swift; path = SceneDelegate.swift; sourceTree = "<group>"; };
		E06B81C62C6B7AA2009E4B40 /* Assets.xcassets */ = {isa = PBXFileReference; lastKnownFileType = folder.assetcatalog; path = Assets.xcassets; sourceTree = "<group>"; };
		E06B81C92C6B7AA2009E4B40 /* Base */ = {isa = PBXFileReference; lastKnownFileType = file.storyboard; name = Base; path = Base.lproj/LaunchScreen.storyboard; sourceTree = "<group>"; };
		E06B81CB2C6B7AA2009E4B40 /* Info.plist */ = {isa = PBXFileReference; lastKnownFileType = text.plist.xml; path = Info.plist; sourceTree = "<group>"; };
		E06B81D12C6B7AC2009E4B40 /* .gitignore */ = {isa = PBXFileReference; lastKnownFileType = text; path = .gitignore; sourceTree = "<group>"; };
		E06B81D32C6B7ADE009E4B40 /* APIKey.swift */ = {isa = PBXFileReference; lastKnownFileType = sourcecode.swift; path = APIKey.swift; sourceTree = "<group>"; };
		E06B81D72C6B7B1D009E4B40 /* BaseViewController.swift */ = {isa = PBXFileReference; lastKnownFileType = sourcecode.swift; path = BaseViewController.swift; sourceTree = "<group>"; };
		E06B81D92C6B7B56009E4B40 /* BaseView.swift */ = {isa = PBXFileReference; lastKnownFileType = sourcecode.swift; path = BaseView.swift; sourceTree = "<group>"; };
		E06B81DB2C6B7BC7009E4B40 /* BaseTableViewCell.swift */ = {isa = PBXFileReference; lastKnownFileType = sourcecode.swift; path = BaseTableViewCell.swift; sourceTree = "<group>"; };
		E06B81EF2C6B7C87009E4B40 /* Resource.swift */ = {isa = PBXFileReference; lastKnownFileType = sourcecode.swift; path = Resource.swift; sourceTree = "<group>"; };
		E06B81F22C6B7D56009E4B40 /* PlusButton.swift */ = {isa = PBXFileReference; lastKnownFileType = sourcecode.swift; path = PlusButton.swift; sourceTree = "<group>"; };
		E06B81FB2C6B7E63009E4B40 /* LoginViewController.swift */ = {isa = PBXFileReference; lastKnownFileType = sourcecode.swift; path = LoginViewController.swift; sourceTree = "<group>"; };
		E06B81FD2C6B7ED6009E4B40 /* BaseViewModel.swift */ = {isa = PBXFileReference; lastKnownFileType = sourcecode.swift; path = BaseViewModel.swift; sourceTree = "<group>"; };
		E06B82002C6B7F0E009E4B40 /* ReusableIdentifier.swift */ = {isa = PBXFileReference; lastKnownFileType = sourcecode.swift; path = ReusableIdentifier.swift; sourceTree = "<group>"; };
		E06B82022C6B9D14009E4B40 /* TabBarController.swift */ = {isa = PBXFileReference; lastKnownFileType = sourcecode.swift; path = TabBarController.swift; sourceTree = "<group>"; };
		E06B82042C6B9E5C009E4B40 /* FeedViewController.swift */ = {isa = PBXFileReference; lastKnownFileType = sourcecode.swift; path = FeedViewController.swift; sourceTree = "<group>"; };
		E06B82062C6B9E6D009E4B40 /* ProfileViewController.swift */ = {isa = PBXFileReference; lastKnownFileType = sourcecode.swift; path = ProfileViewController.swift; sourceTree = "<group>"; };
		E06B82092C6BA3A6009E4B40 /* UserDefaultsManager.swift */ = {isa = PBXFileReference; lastKnownFileType = sourcecode.swift; path = UserDefaultsManager.swift; sourceTree = "<group>"; };
		E06B820C2C6BA517009E4B40 /* NetworkService.swift */ = {isa = PBXFileReference; lastKnownFileType = sourcecode.swift; path = NetworkService.swift; sourceTree = "<group>"; };
		E06B820E2C6BA51C009E4B40 /* AuthorizationRouter.swift */ = {isa = PBXFileReference; lastKnownFileType = sourcecode.swift; path = AuthorizationRouter.swift; sourceTree = "<group>"; };
		E06B82112C6BA553009E4B40 /* LoginQuery.swift */ = {isa = PBXFileReference; lastKnownFileType = sourcecode.swift; path = LoginQuery.swift; sourceTree = "<group>"; };
		E06B82162C6BAEF3009E4B40 /* LoginViewModel.swift */ = {isa = PBXFileReference; lastKnownFileType = sourcecode.swift; path = LoginViewModel.swift; sourceTree = "<group>"; };
		E06B82182C6BB14E009E4B40 /* CustomTextField.swift */ = {isa = PBXFileReference; lastKnownFileType = sourcecode.swift; path = CustomTextField.swift; sourceTree = "<group>"; };
		E06B821D2C6BBE36009E4B40 /* UIViewController + Extension.swift */ = {isa = PBXFileReference; lastKnownFileType = sourcecode.swift; path = "UIViewController + Extension.swift"; sourceTree = "<group>"; };
		E06B825C2C6C5B0A009E4B40 /* Localizable.xcstrings */ = {isa = PBXFileReference; lastKnownFileType = text.json.xcstrings; path = Localizable.xcstrings; sourceTree = "<group>"; };
		E06B825E2C6C5B22009E4B40 /* ko */ = {isa = PBXFileReference; lastKnownFileType = text.plist.strings; name = ko; path = ko.lproj/LaunchScreen.strings; sourceTree = "<group>"; };
		E06B82612C6C5CBE009E4B40 /* String + Extension.swift */ = {isa = PBXFileReference; lastKnownFileType = sourcecode.swift; path = "String + Extension.swift"; sourceTree = "<group>"; };
		E06B82642C6CCD59009E4B40 /* Login.swift */ = {isa = PBXFileReference; lastKnownFileType = sourcecode.swift; path = Login.swift; sourceTree = "<group>"; };
		E06B82662C6CD694009E4B40 /* TargetType.swift */ = {isa = PBXFileReference; lastKnownFileType = sourcecode.swift; path = TargetType.swift; sourceTree = "<group>"; };
		E06B826B2C6CE5A0009E4B40 /* SignUpViewController.swift */ = {isa = PBXFileReference; lastKnownFileType = sourcecode.swift; path = SignUpViewController.swift; sourceTree = "<group>"; };
		E06B826D2C6CE893009E4B40 /* RefreshToken.swift */ = {isa = PBXFileReference; lastKnownFileType = sourcecode.swift; path = RefreshToken.swift; sourceTree = "<group>"; };
		E06B82712C6CED3D009E4B40 /* SignupQuery.swift */ = {isa = PBXFileReference; lastKnownFileType = sourcecode.swift; path = SignupQuery.swift; sourceTree = "<group>"; };
		E06B82732C6CF0F2009E4B40 /* Signup.swift */ = {isa = PBXFileReference; lastKnownFileType = sourcecode.swift; path = Signup.swift; sourceTree = "<group>"; };
		E06B82752C6CFCC5009E4B40 /* EmailQuery.swift */ = {isa = PBXFileReference; lastKnownFileType = sourcecode.swift; path = EmailQuery.swift; sourceTree = "<group>"; };
		E06B82772C6CFD1A009E4B40 /* EmailValidation.swift */ = {isa = PBXFileReference; lastKnownFileType = sourcecode.swift; path = EmailValidation.swift; sourceTree = "<group>"; };
		E06B82792C6CFFDF009E4B40 /* Withdraw.swift */ = {isa = PBXFileReference; lastKnownFileType = sourcecode.swift; path = Withdraw.swift; sourceTree = "<group>"; };
		E06B827B2C6D04E5009E4B40 /* SignUpView.swift */ = {isa = PBXFileReference; lastKnownFileType = sourcecode.swift; path = SignUpView.swift; sourceTree = "<group>"; };
		E06B82842C6D0B7A009E4B40 /* SignUpViewModel.swift */ = {isa = PBXFileReference; lastKnownFileType = sourcecode.swift; path = SignUpViewModel.swift; sourceTree = "<group>"; };
		E06B82862C6D0F00009E4B40 /* NextButton.swift */ = {isa = PBXFileReference; lastKnownFileType = sourcecode.swift; path = NextButton.swift; sourceTree = "<group>"; };
		E06B82882C6F89C0009E4B40 /* PostRouter.swift */ = {isa = PBXFileReference; lastKnownFileType = sourcecode.swift; path = PostRouter.swift; sourceTree = "<group>"; };
		E06B82942C6F9193009E4B40 /* NetworkService + Authorization.swift */ = {isa = PBXFileReference; lastKnownFileType = sourcecode.swift; path = "NetworkService + Authorization.swift"; sourceTree = "<group>"; };
		E06B82962C6F9211009E4B40 /* NetworkService + Post.swift */ = {isa = PBXFileReference; lastKnownFileType = sourcecode.swift; path = "NetworkService + Post.swift"; sourceTree = "<group>"; };
		E06B829B2C6F9294009E4B40 /* Files.swift */ = {isa = PBXFileReference; lastKnownFileType = sourcecode.swift; path = Files.swift; sourceTree = "<group>"; };
		E06B829F2C6F9684009E4B40 /* Errors.swift */ = {isa = PBXFileReference; lastKnownFileType = sourcecode.swift; path = Errors.swift; sourceTree = "<group>"; };
		E06B82A12C6FAD87009E4B40 /* FeedView.swift */ = {isa = PBXFileReference; lastKnownFileType = sourcecode.swift; path = FeedView.swift; sourceTree = "<group>"; };
		E06B82A32C7071AE009E4B40 /* UploadPostQuery.swift */ = {isa = PBXFileReference; lastKnownFileType = sourcecode.swift; path = UploadPostQuery.swift; sourceTree = "<group>"; };
		E06B82A52C7074B9009E4B40 /* Posts.swift */ = {isa = PBXFileReference; lastKnownFileType = sourcecode.swift; path = Posts.swift; sourceTree = "<group>"; };
		E06B82A72C70801B009E4B40 /* GetPostsQuery.swift */ = {isa = PBXFileReference; lastKnownFileType = sourcecode.swift; path = GetPostsQuery.swift; sourceTree = "<group>"; };
		E06B82AB2C722358009E4B40 /* AuthInterceptor.swift */ = {isa = PBXFileReference; lastKnownFileType = sourcecode.swift; path = AuthInterceptor.swift; sourceTree = "<group>"; };
		E06B82AD2C722908009E4B40 /* FeedViewModel.swift */ = {isa = PBXFileReference; lastKnownFileType = sourcecode.swift; path = FeedViewModel.swift; sourceTree = "<group>"; };
		E06B82AF2C723FD5009E4B40 /* BaseCollectionViewCell.swift */ = {isa = PBXFileReference; lastKnownFileType = sourcecode.swift; path = BaseCollectionViewCell.swift; sourceTree = "<group>"; };
		E06B82B12C724018009E4B40 /* FeedCollectionViewCell.swift */ = {isa = PBXFileReference; lastKnownFileType = sourcecode.swift; path = FeedCollectionViewCell.swift; sourceTree = "<group>"; };
		E06B82B32C7243ED009E4B40 /* ThreeThumbnailView.swift */ = {isa = PBXFileReference; lastKnownFileType = sourcecode.swift; path = ThreeThumbnailView.swift; sourceTree = "<group>"; };
		E06B82B52C72C178009E4B40 /* TwoThumbnailView.swift */ = {isa = PBXFileReference; lastKnownFileType = sourcecode.swift; path = TwoThumbnailView.swift; sourceTree = "<group>"; };
		E06B82B72C72C218009E4B40 /* OneThumbnailView.swift */ = {isa = PBXFileReference; lastKnownFileType = sourcecode.swift; path = OneThumbnailView.swift; sourceTree = "<group>"; };
		E06B82BE2C72C828009E4B40 /* InteractionView.swift */ = {isa = PBXFileReference; lastKnownFileType = sourcecode.swift; path = InteractionView.swift; sourceTree = "<group>"; };
		E06B82C02C72C962009E4B40 /* BookCollectionViewCell.swift */ = {isa = PBXFileReference; lastKnownFileType = sourcecode.swift; path = BookCollectionViewCell.swift; sourceTree = "<group>"; };
		E06B82CA2C72F300009E4B40 /* UserContentsView.swift */ = {isa = PBXFileReference; lastKnownFileType = sourcecode.swift; path = UserContentsView.swift; sourceTree = "<group>"; };
		E06B82CE2C72F996009E4B40 /* ThumbnailView.swift */ = {isa = PBXFileReference; lastKnownFileType = sourcecode.swift; path = ThumbnailView.swift; sourceTree = "<group>"; };
		E06B82D22C732D34009E4B40 /* UICollectionViewLayout + Extension.swift */ = {isa = PBXFileReference; lastKnownFileType = sourcecode.swift; path = "UICollectionViewLayout + Extension.swift"; sourceTree = "<group>"; };
		E06B82D72C738E9F009E4B40 /* AddPostViewController.swift */ = {isa = PBXFileReference; lastKnownFileType = sourcecode.swift; path = AddPostViewController.swift; sourceTree = "<group>"; };
		E0B9D0DD2C747DF0005858E1 /* LikeQuery.swift */ = {isa = PBXFileReference; lastKnownFileType = sourcecode.swift; path = LikeQuery.swift; sourceTree = "<group>"; };
		E0B9D0DF2C747EEB005858E1 /* LikeStatus.swift */ = {isa = PBXFileReference; lastKnownFileType = sourcecode.swift; path = LikeStatus.swift; sourceTree = "<group>"; };
		E0B9D0E12C74B772005858E1 /* TextViewToolbarView.swift */ = {isa = PBXFileReference; lastKnownFileType = sourcecode.swift; path = TextViewToolbarView.swift; sourceTree = "<group>"; };
		E0B9D0E32C74C88D005858E1 /* CustomBorder.swift */ = {isa = PBXFileReference; lastKnownFileType = sourcecode.swift; path = CustomBorder.swift; sourceTree = "<group>"; };
		E0B9D0E52C74CD49005858E1 /* PhotoCollectionViewCell.swift */ = {isa = PBXFileReference; lastKnownFileType = sourcecode.swift; path = PhotoCollectionViewCell.swift; sourceTree = "<group>"; };
		E0B9D0E72C74E771005858E1 /* AddPostViewModel.swift */ = {isa = PBXFileReference; lastKnownFileType = sourcecode.swift; path = AddPostViewModel.swift; sourceTree = "<group>"; };
		E0B9D0E92C74E802005858E1 /* AddPostView.swift */ = {isa = PBXFileReference; lastKnownFileType = sourcecode.swift; path = AddPostView.swift; sourceTree = "<group>"; };
		E0B9D0EC2C756B7E005858E1 /* BookCollectionView.swift */ = {isa = PBXFileReference; lastKnownFileType = sourcecode.swift; path = BookCollectionView.swift; sourceTree = "<group>"; };
		E0B9D1092C756D49005858E1 /* AddBookViewController.swift */ = {isa = PBXFileReference; lastKnownFileType = sourcecode.swift; path = AddBookViewController.swift; sourceTree = "<group>"; };
		E0B9D10B2C756D5E005858E1 /* AddBookView.swift */ = {isa = PBXFileReference; lastKnownFileType = sourcecode.swift; path = AddBookView.swift; sourceTree = "<group>"; };
		E0B9D1272C759347005858E1 /* SearchBookTableViewCell.swift */ = {isa = PBXFileReference; lastKnownFileType = sourcecode.swift; path = SearchBookTableViewCell.swift; sourceTree = "<group>"; };
		E0B9D12D2C7598A2005858E1 /* Book.swift */ = {isa = PBXFileReference; lastKnownFileType = sourcecode.swift; path = Book.swift; sourceTree = "<group>"; };
		E0B9D12F2C7598B7005858E1 /* BookRouter.swift */ = {isa = PBXFileReference; lastKnownFileType = sourcecode.swift; path = BookRouter.swift; sourceTree = "<group>"; };
		E0B9D1312C759951005858E1 /* BookSearchQuery.swift */ = {isa = PBXFileReference; lastKnownFileType = sourcecode.swift; path = BookSearchQuery.swift; sourceTree = "<group>"; };
		E0B9D1332C759AC3005858E1 /* NetworkService + Book.swift */ = {isa = PBXFileReference; lastKnownFileType = sourcecode.swift; path = "NetworkService + Book.swift"; sourceTree = "<group>"; };
		E0B9D1352C75CA61005858E1 /* AddBookViewModel.swift */ = {isa = PBXFileReference; lastKnownFileType = sourcecode.swift; path = AddBookViewModel.swift; sourceTree = "<group>"; };
		E0B9D1412C7784F1005858E1 /* ImageFetcher.swift */ = {isa = PBXFileReference; lastKnownFileType = sourcecode.swift; path = ImageFetcher.swift; sourceTree = "<group>"; };
		E0B9D1452C778D1B005858E1 /* PostViewController.swift */ = {isa = PBXFileReference; lastKnownFileType = sourcecode.swift; path = PostViewController.swift; sourceTree = "<group>"; };
		E0B9D1472C778D31005858E1 /* PostView.swift */ = {isa = PBXFileReference; lastKnownFileType = sourcecode.swift; path = PostView.swift; sourceTree = "<group>"; };
		E0B9D1492C7793FA005858E1 /* PostViewModel.swift */ = {isa = PBXFileReference; lastKnownFileType = sourcecode.swift; path = PostViewModel.swift; sourceTree = "<group>"; };
		E0B9D14B2C779FD3005858E1 /* HashtagCollectionViewCell.swift */ = {isa = PBXFileReference; lastKnownFileType = sourcecode.swift; path = HashtagCollectionViewCell.swift; sourceTree = "<group>"; };
		E0B9D14D2C785139005858E1 /* PostHeaderView.swift */ = {isa = PBXFileReference; lastKnownFileType = sourcecode.swift; path = PostHeaderView.swift; sourceTree = "<group>"; };
		E0B9D1542C787AAC005858E1 /* CommentTableViewCell.swift */ = {isa = PBXFileReference; lastKnownFileType = sourcecode.swift; path = CommentTableViewCell.swift; sourceTree = "<group>"; };
		E0B9D1562C78864B005858E1 /* DetailPhotoCollectionViewCell.swift */ = {isa = PBXFileReference; lastKnownFileType = sourcecode.swift; path = DetailPhotoCollectionViewCell.swift; sourceTree = "<group>"; };
		E0B9D1602C78DC82005858E1 /* CommentInputView.swift */ = {isa = PBXFileReference; lastKnownFileType = sourcecode.swift; path = CommentInputView.swift; sourceTree = "<group>"; };
		E0B9D1672C78EA59005858E1 /* CommentQuery.swift */ = {isa = PBXFileReference; lastKnownFileType = sourcecode.swift; path = CommentQuery.swift; sourceTree = "<group>"; };
		E0B9D1692C797D09005858E1 /* UserProfileImageView.swift */ = {isa = PBXFileReference; lastKnownFileType = sourcecode.swift; path = UserProfileImageView.swift; sourceTree = "<group>"; };
		E0B9D16B2C7981E5005858E1 /* Comment.swift */ = {isa = PBXFileReference; lastKnownFileType = sourcecode.swift; path = Comment.swift; sourceTree = "<group>"; };
		E0B9D16D2C79820F005858E1 /* User.swift */ = {isa = PBXFileReference; lastKnownFileType = sourcecode.swift; path = User.swift; sourceTree = "<group>"; };
		E0B9D16F2C79BB24005858E1 /* BookmarkQuery.swift */ = {isa = PBXFileReference; lastKnownFileType = sourcecode.swift; path = BookmarkQuery.swift; sourceTree = "<group>"; };
		E0B9D1712C79BB63005858E1 /* BookmarkStatus.swift */ = {isa = PBXFileReference; lastKnownFileType = sourcecode.swift; path = BookmarkStatus.swift; sourceTree = "<group>"; };
		E0B9D1742C79C596005858E1 /* BookViewController.swift */ = {isa = PBXFileReference; lastKnownFileType = sourcecode.swift; path = BookViewController.swift; sourceTree = "<group>"; };
		E0B9D1762C79C5D3005858E1 /* BookView.swift */ = {isa = PBXFileReference; lastKnownFileType = sourcecode.swift; path = BookView.swift; sourceTree = "<group>"; };
		E0B9D1782C7A34E2005858E1 /* BookInfoView.swift */ = {isa = PBXFileReference; lastKnownFileType = sourcecode.swift; path = BookInfoView.swift; sourceTree = "<group>"; };
		E0B9D17C2C7B02E0005858E1 /* UserInfoView.swift */ = {isa = PBXFileReference; lastKnownFileType = sourcecode.swift; path = UserInfoView.swift; sourceTree = "<group>"; };
		E0B9D1872C7C2B8B005858E1 /* ProfilePostsViewController.swift */ = {isa = PBXFileReference; lastKnownFileType = sourcecode.swift; path = ProfilePostsViewController.swift; sourceTree = "<group>"; };
		E0B9D18D2C7C36D1005858E1 /* ProfileTabManViewController.swift */ = {isa = PBXFileReference; lastKnownFileType = sourcecode.swift; path = ProfileTabManViewController.swift; sourceTree = "<group>"; };
		E0B9D1962C7C6A8A005858E1 /* ProfilePostsViewModel.swift */ = {isa = PBXFileReference; lastKnownFileType = sourcecode.swift; path = ProfilePostsViewModel.swift; sourceTree = "<group>"; };
		E0B9D19A2C7CAF21005858E1 /* ProfileRouter.swift */ = {isa = PBXFileReference; lastKnownFileType = sourcecode.swift; path = ProfileRouter.swift; sourceTree = "<group>"; };
		E0B9D19D2C7CAFE1005858E1 /* UserProfile.swift */ = {isa = PBXFileReference; lastKnownFileType = sourcecode.swift; path = UserProfile.swift; sourceTree = "<group>"; };
		E0B9D19F2C7CB077005858E1 /* NetworkService + Profile.swift */ = {isa = PBXFileReference; lastKnownFileType = sourcecode.swift; path = "NetworkService + Profile.swift"; sourceTree = "<group>"; };
		E0B9D1A12C7CB194005858E1 /* ProfileViewModel.swift */ = {isa = PBXFileReference; lastKnownFileType = sourcecode.swift; path = ProfileViewModel.swift; sourceTree = "<group>"; };
		E0B9D1A72C7CB8B2005858E1 /* ContentsType.swift */ = {isa = PBXFileReference; lastKnownFileType = sourcecode.swift; path = ContentsType.swift; sourceTree = "<group>"; };
		E0B9D1A92C7CB935005858E1 /* FeedTabManViewController.swift */ = {isa = PBXFileReference; lastKnownFileType = sourcecode.swift; path = FeedTabManViewController.swift; sourceTree = "<group>"; };
		E0B9D1AB2C7CB9FD005858E1 /* TabmanBar.swift */ = {isa = PBXFileReference; lastKnownFileType = sourcecode.swift; path = TabmanBar.swift; sourceTree = "<group>"; };
/* End PBXFileReference section */

/* Begin PBXFrameworksBuildPhase section */
		E06B81B72C6B7AA0009E4B40 /* Frameworks */ = {
			isa = PBXFrameworksBuildPhase;
			buildActionMask = 2147483647;
			files = (
				E03CF7432C80C19600E420EB /* iamport-ios in Frameworks */,
				E0B9D1662C78E106005858E1 /* IQKeyboardManagerSwift in Frameworks */,
				E0B9D1862C7C2B53005858E1 /* Tabman in Frameworks */,
				E06B81E52C6B7C5C009E4B40 /* Kingfisher in Frameworks */,
				E06B81DF2C6B7C3E009E4B40 /* Toast in Frameworks */,
				E06B81EA2C6B7C6C009E4B40 /* RxSwift in Frameworks */,
				E06B81ED2C6B7C76009E4B40 /* SnapKit in Frameworks */,
				E06B81E82C6B7C6C009E4B40 /* RxCocoa in Frameworks */,
				E06B81E22C6B7C48009E4B40 /* Alamofire in Frameworks */,
			);
			runOnlyForDeploymentPostprocessing = 0;
		};
/* End PBXFrameworksBuildPhase section */

/* Begin PBXGroup section */
		E03CF7272C7E1C9900E420EB /* View */ = {
			isa = PBXGroup;
			children = (
				E03CF7232C7E142900E420EB /* ProfileEditView.swift */,
			);
			path = View;
			sourceTree = "<group>";
		};
		E03CF74C2C81A05C00E420EB /* Pay */ = {
			isa = PBXGroup;
			children = (
				E03CF74F2C81A1C400E420EB /* Query */,
				E03CF7502C81A1CD00E420EB /* Model */,
				E03CF7512C81B27700E420EB /* NetworkService + Pay.swift */,
				E03CF74D2C81A06B00E420EB /* PayRouter.swift */,
			);
			path = Pay;
			sourceTree = "<group>";
		};
		E03CF74F2C81A1C400E420EB /* Query */ = {
			isa = PBXGroup;
			children = (
				E03CF7482C81920200E420EB /* PayQuery.swift */,
			);
			path = Query;
			sourceTree = "<group>";
		};
		E03CF7502C81A1CD00E420EB /* Model */ = {
			isa = PBXGroup;
			children = (
				E03CF74A2C8192DE00E420EB /* Reciept.swift */,
			);
			path = Model;
			sourceTree = "<group>";
		};
		E06B81B12C6B7AA0009E4B40 = {
			isa = PBXGroup;
			children = (
				E06B825C2C6C5B0A009E4B40 /* Localizable.xcstrings */,
				E06B81D12C6B7AC2009E4B40 /* .gitignore */,
				E06B81D32C6B7ADE009E4B40 /* APIKey.swift */,
				E06B81BC2C6B7AA0009E4B40 /* thisbookthatbook */,
				E06B81BB2C6B7AA0009E4B40 /* Products */,
			);
			sourceTree = "<group>";
		};
		E06B81BB2C6B7AA0009E4B40 /* Products */ = {
			isa = PBXGroup;
			children = (
				E06B81BA2C6B7AA0009E4B40 /* thisbookthatbook.app */,
			);
			name = Products;
			sourceTree = "<group>";
		};
		E06B81BC2C6B7AA0009E4B40 /* thisbookthatbook */ = {
			isa = PBXGroup;
			children = (
				E06B820B2C6BA510009E4B40 /* Network */,
				E06B82082C6BA395009E4B40 /* Database */,
				E06B81D52C6B7AF3009E4B40 /* Constant */,
				E06B81F42C6B7E07009E4B40 /* Pages */,
				E06B81BD2C6B7AA0009E4B40 /* AppDelegate.swift */,
				E06B81BF2C6B7AA0009E4B40 /* SceneDelegate.swift */,
				E06B81C62C6B7AA2009E4B40 /* Assets.xcassets */,
				E06B81C82C6B7AA2009E4B40 /* LaunchScreen.storyboard */,
				E06B81CB2C6B7AA2009E4B40 /* Info.plist */,
			);
			path = thisbookthatbook;
			sourceTree = "<group>";
		};
		E06B81D52C6B7AF3009E4B40 /* Constant */ = {
			isa = PBXGroup;
			children = (
				E06B821C2C6BBE2D009E4B40 /* Extension */,
				E06B81FF2C6B7F02009E4B40 /* Protocol */,
				E06B81F12C6B7D4F009E4B40 /* CustomView */,
				E06B81EE2C6B7C7B009E4B40 /* Resource */,
				E06B81D62C6B7B0F009E4B40 /* Base */,
			);
			path = Constant;
			sourceTree = "<group>";
		};
		E06B81D62C6B7B0F009E4B40 /* Base */ = {
			isa = PBXGroup;
			children = (
				E06B81D72C6B7B1D009E4B40 /* BaseViewController.swift */,
				E06B81D92C6B7B56009E4B40 /* BaseView.swift */,
				E06B81DB2C6B7BC7009E4B40 /* BaseTableViewCell.swift */,
				E06B82AF2C723FD5009E4B40 /* BaseCollectionViewCell.swift */,
			);
			path = Base;
			sourceTree = "<group>";
		};
		E06B81EE2C6B7C7B009E4B40 /* Resource */ = {
			isa = PBXGroup;
			children = (
				E06B81EF2C6B7C87009E4B40 /* Resource.swift */,
				E0B9D1A72C7CB8B2005858E1 /* ContentsType.swift */,
			);
			path = Resource;
			sourceTree = "<group>";
		};
		E06B81F12C6B7D4F009E4B40 /* CustomView */ = {
			isa = PBXGroup;
			children = (
				E06B82B92C72C302009E4B40 /* ThumbnailView */,
				E06B81F22C6B7D56009E4B40 /* PlusButton.swift */,
				E06B82022C6B9D14009E4B40 /* TabBarController.swift */,
				E06B82182C6BB14E009E4B40 /* CustomTextField.swift */,
				E06B82862C6D0F00009E4B40 /* NextButton.swift */,
				E06B82BE2C72C828009E4B40 /* InteractionView.swift */,
				E06B82CA2C72F300009E4B40 /* UserContentsView.swift */,
				E0B9D0E12C74B772005858E1 /* TextViewToolbarView.swift */,
				E0B9D17C2C7B02E0005858E1 /* UserInfoView.swift */,
				E0B9D0E32C74C88D005858E1 /* CustomBorder.swift */,
				E0B9D0EC2C756B7E005858E1 /* BookCollectionView.swift */,
				E0B9D1602C78DC82005858E1 /* CommentInputView.swift */,
				E0B9D1692C797D09005858E1 /* UserProfileImageView.swift */,
				E0B9D1782C7A34E2005858E1 /* BookInfoView.swift */,
				E0B9D1AB2C7CB9FD005858E1 /* TabmanBar.swift */,
				E03CF71F2C7E0F2700E420EB /* RoundedButton.swift */,
			);
			path = CustomView;
			sourceTree = "<group>";
		};
		E06B81F42C6B7E07009E4B40 /* Pages */ = {
			isa = PBXGroup;
			children = (
				E0B9D1732C79C58D005858E1 /* Book */,
				E0B9D1082C756D3B005858E1 /* AddBook */,
				E06B82D62C738E6A009E4B40 /* AddPost */,
				E06B826A2C6CE589009E4B40 /* SignUp */,
				E06B81F62C6B7E12009E4B40 /* Login */,
				E06B81F52C6B7E0C009E4B40 /* Feed */,
				E06B81F82C6B7E44009E4B40 /* Profile */,
				E06B81F72C6B7E24009E4B40 /* Post */,
			);
			path = Pages;
			sourceTree = "<group>";
		};
		E06B81F52C6B7E0C009E4B40 /* Feed */ = {
			isa = PBXGroup;
			children = (
				E06B82BA2C72C31F009E4B40 /* ViewModel */,
				E06B82BD2C72C335009E4B40 /* Cell */,
				E06B82BB2C72C328009E4B40 /* View */,
				E06B82BC2C72C32D009E4B40 /* ViewController */,
			);
			path = Feed;
			sourceTree = "<group>";
		};
		E06B81F62C6B7E12009E4B40 /* Login */ = {
			isa = PBXGroup;
			children = (
				E06B82152C6BAEE7009E4B40 /* ViewModel */,
				E06B81FB2C6B7E63009E4B40 /* LoginViewController.swift */,
			);
			path = Login;
			sourceTree = "<group>";
		};
		E06B81F72C6B7E24009E4B40 /* Post */ = {
			isa = PBXGroup;
			children = (
				E0B9D15B2C78D23E005858E1 /* Cell */,
				E0B9D15A2C78D230005858E1 /* ViewModel */,
				E0B9D1592C78D228005858E1 /* View */,
				E0B9D1582C78D21E005858E1 /* ViewController */,
			);
			path = Post;
			sourceTree = "<group>";
		};
		E06B81F82C6B7E44009E4B40 /* Profile */ = {
			isa = PBXGroup;
			children = (
				E0B9D1912C7C6A27005858E1 /* ViewModel */,
				E03CF7272C7E1C9900E420EB /* View */,
				E0B9D1902C7C61E9005858E1 /* ViewControllers */,
			);
			path = Profile;
			sourceTree = "<group>";
		};
		E06B81FF2C6B7F02009E4B40 /* Protocol */ = {
			isa = PBXGroup;
			children = (
				E06B81FD2C6B7ED6009E4B40 /* BaseViewModel.swift */,
				E06B82002C6B7F0E009E4B40 /* ReusableIdentifier.swift */,
				E06B82662C6CD694009E4B40 /* TargetType.swift */,
			);
			path = Protocol;
			sourceTree = "<group>";
		};
		E06B82082C6BA395009E4B40 /* Database */ = {
			isa = PBXGroup;
			children = (
				E06B82092C6BA3A6009E4B40 /* UserDefaultsManager.swift */,
			);
			path = Database;
			sourceTree = "<group>";
		};
		E06B820B2C6BA510009E4B40 /* Network */ = {
			isa = PBXGroup;
			children = (
				E03CF74C2C81A05C00E420EB /* Pay */,
				E0B9D1992C7CAF1A005858E1 /* Profile */,
				E0B9D1412C7784F1005858E1 /* ImageFetcher.swift */,
				E06B82AB2C722358009E4B40 /* AuthInterceptor.swift */,
				E06B820C2C6BA517009E4B40 /* NetworkService.swift */,
				E06B829F2C6F9684009E4B40 /* Errors.swift */,
				E0B9D12C2C75989C005858E1 /* Book */,
				E06B828C2C6F8C6E009E4B40 /* Authorization */,
				E06B828D2C6F8CC5009E4B40 /* Post */,
			);
			path = Network;
			sourceTree = "<group>";
		};
		E06B82102C6BA54B009E4B40 /* Query */ = {
			isa = PBXGroup;
			children = (
				E06B82712C6CED3D009E4B40 /* SignupQuery.swift */,
				E06B82752C6CFCC5009E4B40 /* EmailQuery.swift */,
				E06B82112C6BA553009E4B40 /* LoginQuery.swift */,
			);
			path = Query;
			sourceTree = "<group>";
		};
		E06B82152C6BAEE7009E4B40 /* ViewModel */ = {
			isa = PBXGroup;
			children = (
				E06B82162C6BAEF3009E4B40 /* LoginViewModel.swift */,
			);
			path = ViewModel;
			sourceTree = "<group>";
		};
		E06B821C2C6BBE2D009E4B40 /* Extension */ = {
			isa = PBXGroup;
			children = (
				E06B821D2C6BBE36009E4B40 /* UIViewController + Extension.swift */,
				E06B82612C6C5CBE009E4B40 /* String + Extension.swift */,
				E06B82D22C732D34009E4B40 /* UICollectionViewLayout + Extension.swift */,
				E03CF73F2C8068C400E420EB /* Reactive + UIViewController.swift */,
			);
			path = Extension;
			sourceTree = "<group>";
		};
		E06B82632C6CCD56009E4B40 /* Model */ = {
			isa = PBXGroup;
			children = (
				E06B82642C6CCD59009E4B40 /* Login.swift */,
				E06B826D2C6CE893009E4B40 /* RefreshToken.swift */,
				E06B82732C6CF0F2009E4B40 /* Signup.swift */,
				E06B82772C6CFD1A009E4B40 /* EmailValidation.swift */,
				E06B82792C6CFFDF009E4B40 /* Withdraw.swift */,
			);
			path = Model;
			sourceTree = "<group>";
		};
		E06B826A2C6CE589009E4B40 /* SignUp */ = {
			isa = PBXGroup;
			children = (
				E06B82802C6D0B5D009E4B40 /* ViewModel */,
				E06B82812C6D0B61009E4B40 /* View */,
				E06B82832C6D0B69009E4B40 /* ViewController */,
			);
			path = SignUp;
			sourceTree = "<group>";
		};
		E06B82802C6D0B5D009E4B40 /* ViewModel */ = {
			isa = PBXGroup;
			children = (
				E06B82842C6D0B7A009E4B40 /* SignUpViewModel.swift */,
			);
			path = ViewModel;
			sourceTree = "<group>";
		};
		E06B82812C6D0B61009E4B40 /* View */ = {
			isa = PBXGroup;
			children = (
				E06B827B2C6D04E5009E4B40 /* SignUpView.swift */,
			);
			path = View;
			sourceTree = "<group>";
		};
		E06B82832C6D0B69009E4B40 /* ViewController */ = {
			isa = PBXGroup;
			children = (
				E06B826B2C6CE5A0009E4B40 /* SignUpViewController.swift */,
			);
			path = ViewController;
			sourceTree = "<group>";
		};
		E06B828C2C6F8C6E009E4B40 /* Authorization */ = {
			isa = PBXGroup;
			children = (
				E06B82942C6F9193009E4B40 /* NetworkService + Authorization.swift */,
				E06B820E2C6BA51C009E4B40 /* AuthorizationRouter.swift */,
				E06B82102C6BA54B009E4B40 /* Query */,
				E06B82632C6CCD56009E4B40 /* Model */,
			);
			path = Authorization;
			sourceTree = "<group>";
		};
		E06B828D2C6F8CC5009E4B40 /* Post */ = {
			isa = PBXGroup;
			children = (
				E06B82882C6F89C0009E4B40 /* PostRouter.swift */,
				E06B82962C6F9211009E4B40 /* NetworkService + Post.swift */,
				E06B829A2C6F928C009E4B40 /* Model */,
				E06B828E2C6F8CED009E4B40 /* Query */,
			);
			path = Post;
			sourceTree = "<group>";
		};
		E06B828E2C6F8CED009E4B40 /* Query */ = {
			isa = PBXGroup;
			children = (
				E06B82A32C7071AE009E4B40 /* UploadPostQuery.swift */,
				E06B82A72C70801B009E4B40 /* GetPostsQuery.swift */,
				E0B9D0DD2C747DF0005858E1 /* LikeQuery.swift */,
				E0B9D1672C78EA59005858E1 /* CommentQuery.swift */,
				E0B9D16F2C79BB24005858E1 /* BookmarkQuery.swift */,
			);
			path = Query;
			sourceTree = "<group>";
		};
		E06B829A2C6F928C009E4B40 /* Model */ = {
			isa = PBXGroup;
			children = (
				E06B829B2C6F9294009E4B40 /* Files.swift */,
				E06B82A52C7074B9009E4B40 /* Posts.swift */,
				E0B9D0DF2C747EEB005858E1 /* LikeStatus.swift */,
				E0B9D16B2C7981E5005858E1 /* Comment.swift */,
				E0B9D16D2C79820F005858E1 /* User.swift */,
				E0B9D1712C79BB63005858E1 /* BookmarkStatus.swift */,
			);
			path = Model;
			sourceTree = "<group>";
		};
		E06B82B92C72C302009E4B40 /* ThumbnailView */ = {
			isa = PBXGroup;
			children = (
				E06B82CE2C72F996009E4B40 /* ThumbnailView.swift */,
				E06B82B72C72C218009E4B40 /* OneThumbnailView.swift */,
				E06B82B52C72C178009E4B40 /* TwoThumbnailView.swift */,
				E06B82B32C7243ED009E4B40 /* ThreeThumbnailView.swift */,
			);
			path = ThumbnailView;
			sourceTree = "<group>";
		};
		E06B82BA2C72C31F009E4B40 /* ViewModel */ = {
			isa = PBXGroup;
			children = (
				E06B82AD2C722908009E4B40 /* FeedViewModel.swift */,
			);
			path = ViewModel;
			sourceTree = "<group>";
		};
		E06B82BB2C72C328009E4B40 /* View */ = {
			isa = PBXGroup;
			children = (
				E06B82A12C6FAD87009E4B40 /* FeedView.swift */,
			);
			path = View;
			sourceTree = "<group>";
		};
		E06B82BC2C72C32D009E4B40 /* ViewController */ = {
			isa = PBXGroup;
			children = (
				E06B82042C6B9E5C009E4B40 /* FeedViewController.swift */,
				E0B9D1A92C7CB935005858E1 /* FeedTabManViewController.swift */,
				E03CF7442C80CFF600E420EB /* WebViewController.swift */,
			);
			path = ViewController;
			sourceTree = "<group>";
		};
		E06B82BD2C72C335009E4B40 /* Cell */ = {
			isa = PBXGroup;
			children = (
				E06B82B12C724018009E4B40 /* FeedCollectionViewCell.swift */,
				E03CF7342C7F6E6B00E420EB /* PayView.swift */,
				E06B82C02C72C962009E4B40 /* BookCollectionViewCell.swift */,
			);
			path = Cell;
			sourceTree = "<group>";
		};
		E06B82D62C738E6A009E4B40 /* AddPost */ = {
			isa = PBXGroup;
			children = (
				E0B9D0EB2C74E8B9005858E1 /* Cell */,
				E06B82D92C739136009E4B40 /* ViewModel */,
				E06B82DA2C73913B009E4B40 /* View */,
				E06B82DB2C73913F009E4B40 /* ViewController */,
			);
			path = AddPost;
			sourceTree = "<group>";
		};
		E06B82D92C739136009E4B40 /* ViewModel */ = {
			isa = PBXGroup;
			children = (
				E0B9D0E72C74E771005858E1 /* AddPostViewModel.swift */,
			);
			path = ViewModel;
			sourceTree = "<group>";
		};
		E06B82DA2C73913B009E4B40 /* View */ = {
			isa = PBXGroup;
			children = (
				E0B9D0E92C74E802005858E1 /* AddPostView.swift */,
			);
			path = View;
			sourceTree = "<group>";
		};
		E06B82DB2C73913F009E4B40 /* ViewController */ = {
			isa = PBXGroup;
			children = (
				E06B82D72C738E9F009E4B40 /* AddPostViewController.swift */,
				E03CF7362C7F776900E420EB /* AddPriceViewController.swift */,
			);
			path = ViewController;
			sourceTree = "<group>";
		};
		E0B9D0EB2C74E8B9005858E1 /* Cell */ = {
			isa = PBXGroup;
			children = (
				E0B9D0E52C74CD49005858E1 /* PhotoCollectionViewCell.swift */,
			);
			path = Cell;
			sourceTree = "<group>";
		};
		E0B9D1082C756D3B005858E1 /* AddBook */ = {
			isa = PBXGroup;
			children = (
				E0B9D1092C756D49005858E1 /* AddBookViewController.swift */,
				E0B9D10B2C756D5E005858E1 /* AddBookView.swift */,
				E0B9D1272C759347005858E1 /* SearchBookTableViewCell.swift */,
				E0B9D1352C75CA61005858E1 /* AddBookViewModel.swift */,
			);
			path = AddBook;
			sourceTree = "<group>";
		};
		E0B9D12C2C75989C005858E1 /* Book */ = {
			isa = PBXGroup;
			children = (
				E0B9D12D2C7598A2005858E1 /* Book.swift */,
				E0B9D12F2C7598B7005858E1 /* BookRouter.swift */,
				E0B9D1312C759951005858E1 /* BookSearchQuery.swift */,
				E0B9D1332C759AC3005858E1 /* NetworkService + Book.swift */,
			);
			path = Book;
			sourceTree = "<group>";
		};
		E0B9D1582C78D21E005858E1 /* ViewController */ = {
			isa = PBXGroup;
			children = (
				E0B9D1452C778D1B005858E1 /* PostViewController.swift */,
			);
			path = ViewController;
			sourceTree = "<group>";
		};
		E0B9D1592C78D228005858E1 /* View */ = {
			isa = PBXGroup;
			children = (
				E0B9D14D2C785139005858E1 /* PostHeaderView.swift */,
				E0B9D1472C778D31005858E1 /* PostView.swift */,
			);
			path = View;
			sourceTree = "<group>";
		};
		E0B9D15A2C78D230005858E1 /* ViewModel */ = {
			isa = PBXGroup;
			children = (
				E0B9D1492C7793FA005858E1 /* PostViewModel.swift */,
			);
			path = ViewModel;
			sourceTree = "<group>";
		};
		E0B9D15B2C78D23E005858E1 /* Cell */ = {
			isa = PBXGroup;
			children = (
				E0B9D1562C78864B005858E1 /* DetailPhotoCollectionViewCell.swift */,
				E0B9D1542C787AAC005858E1 /* CommentTableViewCell.swift */,
				E0B9D14B2C779FD3005858E1 /* HashtagCollectionViewCell.swift */,
			);
			path = Cell;
			sourceTree = "<group>";
		};
		E0B9D1732C79C58D005858E1 /* Book */ = {
			isa = PBXGroup;
			children = (
				E0B9D1742C79C596005858E1 /* BookViewController.swift */,
				E0B9D1762C79C5D3005858E1 /* BookView.swift */,
			);
			path = Book;
			sourceTree = "<group>";
		};
		E0B9D1902C7C61E9005858E1 /* ViewControllers */ = {
			isa = PBXGroup;
			children = (
				E0B9D1982C7C874B005858E1 /* TabMan */,
				E06B82062C6B9E6D009E4B40 /* ProfileViewController.swift */,
				E03CF71D2C7E0C7900E420EB /* ProfileEditViewController.swift */,
			);
			path = ViewControllers;
			sourceTree = "<group>";
		};
		E0B9D1912C7C6A27005858E1 /* ViewModel */ = {
			isa = PBXGroup;
			children = (
				E0B9D1962C7C6A8A005858E1 /* ProfilePostsViewModel.swift */,
				E0B9D1A12C7CB194005858E1 /* ProfileViewModel.swift */,
				E03CF7212C7E10BD00E420EB /* ProfileEditViewModel.swift */,
			);
			path = ViewModel;
			sourceTree = "<group>";
		};
		E0B9D1982C7C874B005858E1 /* TabMan */ = {
			isa = PBXGroup;
			children = (
				E0B9D1872C7C2B8B005858E1 /* ProfilePostsViewController.swift */,
				E0B9D18D2C7C36D1005858E1 /* ProfileTabManViewController.swift */,
			);
			path = TabMan;
			sourceTree = "<group>";
		};
		E0B9D1992C7CAF1A005858E1 /* Profile */ = {
			isa = PBXGroup;
			children = (
				E0B9D19A2C7CAF21005858E1 /* ProfileRouter.swift */,
				E0B9D19C2C7CAFD9005858E1 /* Model */,
				E0B9D19F2C7CB077005858E1 /* NetworkService + Profile.swift */,
			);
			path = Profile;
			sourceTree = "<group>";
		};
		E0B9D19C2C7CAFD9005858E1 /* Model */ = {
			isa = PBXGroup;
			children = (
				E0B9D19D2C7CAFE1005858E1 /* UserProfile.swift */,
			);
			path = Model;
			sourceTree = "<group>";
		};
/* End PBXGroup section */

/* Begin PBXNativeTarget section */
		E06B81B92C6B7AA0009E4B40 /* thisbookthatbook */ = {
			isa = PBXNativeTarget;
			buildConfigurationList = E06B81CE2C6B7AA2009E4B40 /* Build configuration list for PBXNativeTarget "thisbookthatbook" */;
			buildPhases = (
				E06B81B62C6B7AA0009E4B40 /* Sources */,
				E06B81B72C6B7AA0009E4B40 /* Frameworks */,
				E06B81B82C6B7AA0009E4B40 /* Resources */,
			);
			buildRules = (
			);
			dependencies = (
			);
			name = thisbookthatbook;
			packageProductDependencies = (
				E06B81DE2C6B7C3E009E4B40 /* Toast */,
				E06B81E12C6B7C48009E4B40 /* Alamofire */,
				E06B81E42C6B7C5C009E4B40 /* Kingfisher */,
				E06B81E72C6B7C6C009E4B40 /* RxCocoa */,
				E06B81E92C6B7C6C009E4B40 /* RxSwift */,
				E06B81EC2C6B7C76009E4B40 /* SnapKit */,
				E0B9D1652C78E106005858E1 /* IQKeyboardManagerSwift */,
				E0B9D1852C7C2B53005858E1 /* Tabman */,
				E03CF7422C80C19600E420EB /* iamport-ios */,
			);
			productName = thisbookthatbook;
			productReference = E06B81BA2C6B7AA0009E4B40 /* thisbookthatbook.app */;
			productType = "com.apple.product-type.application";
		};
/* End PBXNativeTarget section */

/* Begin PBXProject section */
		E06B81B22C6B7AA0009E4B40 /* Project object */ = {
			isa = PBXProject;
			attributes = {
				BuildIndependentTargetsInParallel = 1;
				LastSwiftUpdateCheck = 1530;
				LastUpgradeCheck = 1530;
				TargetAttributes = {
					E06B81B92C6B7AA0009E4B40 = {
						CreatedOnToolsVersion = 15.3;
					};
				};
			};
			buildConfigurationList = E06B81B52C6B7AA0009E4B40 /* Build configuration list for PBXProject "thisbookthatbook" */;
			compatibilityVersion = "Xcode 14.0";
			developmentRegion = en;
			hasScannedForEncodings = 0;
			knownRegions = (
				en,
				Base,
				ko,
			);
			mainGroup = E06B81B12C6B7AA0009E4B40;
			packageReferences = (
				E06B81DD2C6B7C3E009E4B40 /* XCRemoteSwiftPackageReference "Toast-Swift" */,
				E06B81E02C6B7C48009E4B40 /* XCRemoteSwiftPackageReference "Alamofire" */,
				E06B81E32C6B7C5C009E4B40 /* XCRemoteSwiftPackageReference "Kingfisher" */,
				E06B81E62C6B7C6C009E4B40 /* XCRemoteSwiftPackageReference "RxSwift" */,
				E06B81EB2C6B7C76009E4B40 /* XCRemoteSwiftPackageReference "SnapKit" */,
				E0B9D1642C78E106005858E1 /* XCRemoteSwiftPackageReference "IQKeyboardManager" */,
				E0B9D1842C7C2B53005858E1 /* XCRemoteSwiftPackageReference "Tabman" */,
				E03CF7412C80C19600E420EB /* XCRemoteSwiftPackageReference "iamport-ios" */,
			);
			productRefGroup = E06B81BB2C6B7AA0009E4B40 /* Products */;
			projectDirPath = "";
			projectRoot = "";
			targets = (
				E06B81B92C6B7AA0009E4B40 /* thisbookthatbook */,
			);
		};
/* End PBXProject section */

/* Begin PBXResourcesBuildPhase section */
		E06B81B82C6B7AA0009E4B40 /* Resources */ = {
			isa = PBXResourcesBuildPhase;
			buildActionMask = 2147483647;
			files = (
				E06B81D22C6B7AC2009E4B40 /* .gitignore in Resources */,
				E06B81C72C6B7AA2009E4B40 /* Assets.xcassets in Resources */,
				E06B825D2C6C5B0A009E4B40 /* Localizable.xcstrings in Resources */,
				E06B81CA2C6B7AA2009E4B40 /* Base in Resources */,
			);
			runOnlyForDeploymentPostprocessing = 0;
		};
/* End PBXResourcesBuildPhase section */

/* Begin PBXSourcesBuildPhase section */
		E06B81B62C6B7AA0009E4B40 /* Sources */ = {
			isa = PBXSourcesBuildPhase;
			buildActionMask = 2147483647;
			files = (
				E0B9D0E82C74E771005858E1 /* AddPostViewModel.swift in Sources */,
				E06B82972C6F9211009E4B40 /* NetworkService + Post.swift in Sources */,
				E03CF7372C7F776900E420EB /* AddPriceViewController.swift in Sources */,
				E0B9D0E62C74CD49005858E1 /* PhotoCollectionViewCell.swift in Sources */,
				E06B82CB2C72F300009E4B40 /* UserContentsView.swift in Sources */,
				E06B82722C6CED3D009E4B40 /* SignupQuery.swift in Sources */,
				E06B82B22C724018009E4B40 /* FeedCollectionViewCell.swift in Sources */,
				E06B82A22C6FAD87009E4B40 /* FeedView.swift in Sources */,
				E06B82C12C72C962009E4B40 /* BookCollectionViewCell.swift in Sources */,
				E0B9D1552C787AAC005858E1 /* CommentTableViewCell.swift in Sources */,
				E0B9D0E42C74C88D005858E1 /* CustomBorder.swift in Sources */,
				E06B821E2C6BBE36009E4B40 /* UIViewController + Extension.swift in Sources */,
				E06B81D82C6B7B1D009E4B40 /* BaseViewController.swift in Sources */,
				E06B82852C6D0B7A009E4B40 /* SignUpViewModel.swift in Sources */,
				E06B82A62C7074B9009E4B40 /* Posts.swift in Sources */,
				E06B82032C6B9D14009E4B40 /* TabBarController.swift in Sources */,
				E0B9D1792C7A34E2005858E1 /* BookInfoView.swift in Sources */,
				E06B82012C6B7F0E009E4B40 /* ReusableIdentifier.swift in Sources */,
				E06B82A82C70801B009E4B40 /* GetPostsQuery.swift in Sources */,
				E06B82AE2C722908009E4B40 /* FeedViewModel.swift in Sources */,
				E0B9D19B2C7CAF21005858E1 /* ProfileRouter.swift in Sources */,
				E03CF74E2C81A06B00E420EB /* PayRouter.swift in Sources */,
				E03CF7522C81B27700E420EB /* NetworkService + Pay.swift in Sources */,
				E0B9D1572C78864B005858E1 /* DetailPhotoCollectionViewCell.swift in Sources */,
				E03CF7452C80CFF600E420EB /* WebViewController.swift in Sources */,
				E0B9D16A2C797D09005858E1 /* UserProfileImageView.swift in Sources */,
				E06B81FE2C6B7ED6009E4B40 /* BaseViewModel.swift in Sources */,
				E0B9D1882C7C2B8B005858E1 /* ProfilePostsViewController.swift in Sources */,
				E0B9D0EA2C74E802005858E1 /* AddPostView.swift in Sources */,
				E0B9D17D2C7B02E0005858E1 /* UserInfoView.swift in Sources */,
				E0B9D1302C7598B7005858E1 /* BookRouter.swift in Sources */,
				E03CF74B2C8192DE00E420EB /* Reciept.swift in Sources */,
				E0B9D1682C78EA59005858E1 /* CommentQuery.swift in Sources */,
				E03CF71E2C7E0C7900E420EB /* ProfileEditViewController.swift in Sources */,
				E0B9D1342C759AC3005858E1 /* NetworkService + Book.swift in Sources */,
				E06B820F2C6BA51C009E4B40 /* AuthorizationRouter.swift in Sources */,
				E0B9D1A82C7CB8B2005858E1 /* ContentsType.swift in Sources */,
				E06B82D82C738E9F009E4B40 /* AddPostViewController.swift in Sources */,
				E0B9D0ED2C756B7E005858E1 /* BookCollectionView.swift in Sources */,
				E0B9D1AA2C7CB935005858E1 /* FeedTabManViewController.swift in Sources */,
				E06B81F02C6B7C87009E4B40 /* Resource.swift in Sources */,
				E0B9D0E22C74B772005858E1 /* TextViewToolbarView.swift in Sources */,
				E03CF7242C7E142900E420EB /* ProfileEditView.swift in Sources */,
				E06B820D2C6BA517009E4B40 /* NetworkService.swift in Sources */,
				E0B9D16C2C7981E5005858E1 /* Comment.swift in Sources */,
				E06B82622C6C5CBE009E4B40 /* String + Extension.swift in Sources */,
				E0B9D14C2C779FD3005858E1 /* HashtagCollectionViewCell.swift in Sources */,
				E0B9D1A02C7CB077005858E1 /* NetworkService + Profile.swift in Sources */,
				E0B9D14A2C7793FA005858E1 /* PostViewModel.swift in Sources */,
				E06B82172C6BAEF3009E4B40 /* LoginViewModel.swift in Sources */,
				E06B826E2C6CE893009E4B40 /* RefreshToken.swift in Sources */,
				E06B82B42C7243ED009E4B40 /* ThreeThumbnailView.swift in Sources */,
				E0B9D0E02C747EEB005858E1 /* LikeStatus.swift in Sources */,
				E06B820A2C6BA3A6009E4B40 /* UserDefaultsManager.swift in Sources */,
				E0B9D1972C7C6A8A005858E1 /* ProfilePostsViewModel.swift in Sources */,
				E06B82672C6CD694009E4B40 /* TargetType.swift in Sources */,
				E03CF7202C7E0F2700E420EB /* RoundedButton.swift in Sources */,
				E03CF7352C7F6E6B00E420EB /* PayView.swift in Sources */,
				E06B829C2C6F9294009E4B40 /* Files.swift in Sources */,
				E06B827C2C6D04E5009E4B40 /* SignUpView.swift in Sources */,
				E06B82D32C732D34009E4B40 /* UICollectionViewLayout + Extension.swift in Sources */,
				E0B9D10A2C756D49005858E1 /* AddBookViewController.swift in Sources */,
				E0B9D1612C78DC82005858E1 /* CommentInputView.swift in Sources */,
				E06B82B62C72C178009E4B40 /* TwoThumbnailView.swift in Sources */,
				E0B9D14E2C785139005858E1 /* PostHeaderView.swift in Sources */,
				E06B827A2C6CFFDF009E4B40 /* Withdraw.swift in Sources */,
				E0B9D1362C75CA61005858E1 /* AddBookViewModel.swift in Sources */,
				E06B82052C6B9E5C009E4B40 /* FeedViewController.swift in Sources */,
				E06B81BE2C6B7AA0009E4B40 /* AppDelegate.swift in Sources */,
				E06B826C2C6CE5A0009E4B40 /* SignUpViewController.swift in Sources */,
				E0B9D1422C7784F1005858E1 /* ImageFetcher.swift in Sources */,
				E0B9D1282C759347005858E1 /* SearchBookTableViewCell.swift in Sources */,
				E0B9D1772C79C5D3005858E1 /* BookView.swift in Sources */,
				E03CF7492C81920200E420EB /* PayQuery.swift in Sources */,
				E06B82652C6CCD59009E4B40 /* Login.swift in Sources */,
				E06B81DA2C6B7B56009E4B40 /* BaseView.swift in Sources */,
				E0B9D1722C79BB63005858E1 /* BookmarkStatus.swift in Sources */,
				E06B81DC2C6B7BC7009E4B40 /* BaseTableViewCell.swift in Sources */,
				E0B9D16E2C79820F005858E1 /* User.swift in Sources */,
				E06B82192C6BB14E009E4B40 /* CustomTextField.swift in Sources */,
				E06B82872C6D0F00009E4B40 /* NextButton.swift in Sources */,
				E0B9D1AC2C7CB9FD005858E1 /* TabmanBar.swift in Sources */,
				E06B82762C6CFCC5009E4B40 /* EmailQuery.swift in Sources */,
				E06B81D42C6B7ADE009E4B40 /* APIKey.swift in Sources */,
				E0B9D1462C778D1B005858E1 /* PostViewController.swift in Sources */,
				E06B81C02C6B7AA0009E4B40 /* SceneDelegate.swift in Sources */,
				E06B82072C6B9E6D009E4B40 /* ProfileViewController.swift in Sources */,
				E06B82122C6BA553009E4B40 /* LoginQuery.swift in Sources */,
				E06B82B82C72C218009E4B40 /* OneThumbnailView.swift in Sources */,
				E0B9D1752C79C596005858E1 /* BookViewController.swift in Sources */,
				E06B82CF2C72F996009E4B40 /* ThumbnailView.swift in Sources */,
				E06B82A42C7071AE009E4B40 /* UploadPostQuery.swift in Sources */,
				E06B82A02C6F9684009E4B40 /* Errors.swift in Sources */,
				E0B9D0DE2C747DF0005858E1 /* LikeQuery.swift in Sources */,
				E0B9D18E2C7C36D1005858E1 /* ProfileTabManViewController.swift in Sources */,
				E0B9D12E2C7598A2005858E1 /* Book.swift in Sources */,
				E06B82952C6F9193009E4B40 /* NetworkService + Authorization.swift in Sources */,
				E06B82BF2C72C828009E4B40 /* InteractionView.swift in Sources */,
				E0B9D1482C778D31005858E1 /* PostView.swift in Sources */,
				E0B9D1322C759951005858E1 /* BookSearchQuery.swift in Sources */,
				E06B82B02C723FD5009E4B40 /* BaseCollectionViewCell.swift in Sources */,
				E06B81FC2C6B7E63009E4B40 /* LoginViewController.swift in Sources */,
				E06B82AC2C722358009E4B40 /* AuthInterceptor.swift in Sources */,
				E0B9D1A22C7CB194005858E1 /* ProfileViewModel.swift in Sources */,
				E03CF7222C7E10BD00E420EB /* ProfileEditViewModel.swift in Sources */,
				E0B9D1702C79BB24005858E1 /* BookmarkQuery.swift in Sources */,
				E06B82782C6CFD1A009E4B40 /* EmailValidation.swift in Sources */,
				E06B82742C6CF0F2009E4B40 /* Signup.swift in Sources */,
				E0B9D19E2C7CAFE1005858E1 /* UserProfile.swift in Sources */,
				E06B82892C6F89C0009E4B40 /* PostRouter.swift in Sources */,
				E06B81F32C6B7D56009E4B40 /* PlusButton.swift in Sources */,
				E03CF7402C8068C400E420EB /* Reactive + UIViewController.swift in Sources */,
				E0B9D10C2C756D5E005858E1 /* AddBookView.swift in Sources */,
			);
			runOnlyForDeploymentPostprocessing = 0;
		};
/* End PBXSourcesBuildPhase section */

/* Begin PBXVariantGroup section */
		E06B81C82C6B7AA2009E4B40 /* LaunchScreen.storyboard */ = {
			isa = PBXVariantGroup;
			children = (
				E06B81C92C6B7AA2009E4B40 /* Base */,
				E06B825E2C6C5B22009E4B40 /* ko */,
			);
			name = LaunchScreen.storyboard;
			sourceTree = "<group>";
		};
/* End PBXVariantGroup section */

/* Begin XCBuildConfiguration section */
		E06B81CC2C6B7AA2009E4B40 /* Debug */ = {
			isa = XCBuildConfiguration;
			buildSettings = {
				ALWAYS_SEARCH_USER_PATHS = NO;
				ASSETCATALOG_COMPILER_GENERATE_SWIFT_ASSET_SYMBOL_EXTENSIONS = YES;
				CLANG_ANALYZER_LOCALIZABILITY_NONLOCALIZED = YES;
				CLANG_ANALYZER_NONNULL = YES;
				CLANG_ANALYZER_NUMBER_OBJECT_CONVERSION = YES_AGGRESSIVE;
				CLANG_CXX_LANGUAGE_STANDARD = "gnu++20";
				CLANG_ENABLE_MODULES = YES;
				CLANG_ENABLE_OBJC_ARC = YES;
				CLANG_ENABLE_OBJC_WEAK = YES;
				CLANG_WARN_BLOCK_CAPTURE_AUTORELEASING = YES;
				CLANG_WARN_BOOL_CONVERSION = YES;
				CLANG_WARN_COMMA = YES;
				CLANG_WARN_CONSTANT_CONVERSION = YES;
				CLANG_WARN_DEPRECATED_OBJC_IMPLEMENTATIONS = YES;
				CLANG_WARN_DIRECT_OBJC_ISA_USAGE = YES_ERROR;
				CLANG_WARN_DOCUMENTATION_COMMENTS = YES;
				CLANG_WARN_EMPTY_BODY = YES;
				CLANG_WARN_ENUM_CONVERSION = YES;
				CLANG_WARN_INFINITE_RECURSION = YES;
				CLANG_WARN_INT_CONVERSION = YES;
				CLANG_WARN_NON_LITERAL_NULL_CONVERSION = YES;
				CLANG_WARN_OBJC_IMPLICIT_RETAIN_SELF = YES;
				CLANG_WARN_OBJC_LITERAL_CONVERSION = YES;
				CLANG_WARN_OBJC_ROOT_CLASS = YES_ERROR;
				CLANG_WARN_QUOTED_INCLUDE_IN_FRAMEWORK_HEADER = YES;
				CLANG_WARN_RANGE_LOOP_ANALYSIS = YES;
				CLANG_WARN_STRICT_PROTOTYPES = YES;
				CLANG_WARN_SUSPICIOUS_MOVE = YES;
				CLANG_WARN_UNGUARDED_AVAILABILITY = YES_AGGRESSIVE;
				CLANG_WARN_UNREACHABLE_CODE = YES;
				CLANG_WARN__DUPLICATE_METHOD_MATCH = YES;
				COPY_PHASE_STRIP = NO;
				DEBUG_INFORMATION_FORMAT = dwarf;
				ENABLE_STRICT_OBJC_MSGSEND = YES;
				ENABLE_TESTABILITY = YES;
				ENABLE_USER_SCRIPT_SANDBOXING = YES;
				GCC_C_LANGUAGE_STANDARD = gnu17;
				GCC_DYNAMIC_NO_PIC = NO;
				GCC_NO_COMMON_BLOCKS = YES;
				GCC_OPTIMIZATION_LEVEL = 0;
				GCC_PREPROCESSOR_DEFINITIONS = (
					"DEBUG=1",
					"$(inherited)",
				);
				GCC_WARN_64_TO_32_BIT_CONVERSION = YES;
				GCC_WARN_ABOUT_RETURN_TYPE = YES_ERROR;
				GCC_WARN_UNDECLARED_SELECTOR = YES;
				GCC_WARN_UNINITIALIZED_AUTOS = YES_AGGRESSIVE;
				GCC_WARN_UNUSED_FUNCTION = YES;
				GCC_WARN_UNUSED_VARIABLE = YES;
				IPHONEOS_DEPLOYMENT_TARGET = 17.4;
				LOCALIZATION_PREFERS_STRING_CATALOGS = YES;
				MTL_ENABLE_DEBUG_INFO = INCLUDE_SOURCE;
				MTL_FAST_MATH = YES;
				ONLY_ACTIVE_ARCH = YES;
				SDKROOT = iphoneos;
				SWIFT_ACTIVE_COMPILATION_CONDITIONS = "DEBUG $(inherited)";
				SWIFT_OPTIMIZATION_LEVEL = "-Onone";
			};
			name = Debug;
		};
		E06B81CD2C6B7AA2009E4B40 /* Release */ = {
			isa = XCBuildConfiguration;
			buildSettings = {
				ALWAYS_SEARCH_USER_PATHS = NO;
				ASSETCATALOG_COMPILER_GENERATE_SWIFT_ASSET_SYMBOL_EXTENSIONS = YES;
				CLANG_ANALYZER_LOCALIZABILITY_NONLOCALIZED = YES;
				CLANG_ANALYZER_NONNULL = YES;
				CLANG_ANALYZER_NUMBER_OBJECT_CONVERSION = YES_AGGRESSIVE;
				CLANG_CXX_LANGUAGE_STANDARD = "gnu++20";
				CLANG_ENABLE_MODULES = YES;
				CLANG_ENABLE_OBJC_ARC = YES;
				CLANG_ENABLE_OBJC_WEAK = YES;
				CLANG_WARN_BLOCK_CAPTURE_AUTORELEASING = YES;
				CLANG_WARN_BOOL_CONVERSION = YES;
				CLANG_WARN_COMMA = YES;
				CLANG_WARN_CONSTANT_CONVERSION = YES;
				CLANG_WARN_DEPRECATED_OBJC_IMPLEMENTATIONS = YES;
				CLANG_WARN_DIRECT_OBJC_ISA_USAGE = YES_ERROR;
				CLANG_WARN_DOCUMENTATION_COMMENTS = YES;
				CLANG_WARN_EMPTY_BODY = YES;
				CLANG_WARN_ENUM_CONVERSION = YES;
				CLANG_WARN_INFINITE_RECURSION = YES;
				CLANG_WARN_INT_CONVERSION = YES;
				CLANG_WARN_NON_LITERAL_NULL_CONVERSION = YES;
				CLANG_WARN_OBJC_IMPLICIT_RETAIN_SELF = YES;
				CLANG_WARN_OBJC_LITERAL_CONVERSION = YES;
				CLANG_WARN_OBJC_ROOT_CLASS = YES_ERROR;
				CLANG_WARN_QUOTED_INCLUDE_IN_FRAMEWORK_HEADER = YES;
				CLANG_WARN_RANGE_LOOP_ANALYSIS = YES;
				CLANG_WARN_STRICT_PROTOTYPES = YES;
				CLANG_WARN_SUSPICIOUS_MOVE = YES;
				CLANG_WARN_UNGUARDED_AVAILABILITY = YES_AGGRESSIVE;
				CLANG_WARN_UNREACHABLE_CODE = YES;
				CLANG_WARN__DUPLICATE_METHOD_MATCH = YES;
				COPY_PHASE_STRIP = NO;
				DEBUG_INFORMATION_FORMAT = "dwarf-with-dsym";
				ENABLE_NS_ASSERTIONS = NO;
				ENABLE_STRICT_OBJC_MSGSEND = YES;
				ENABLE_USER_SCRIPT_SANDBOXING = YES;
				GCC_C_LANGUAGE_STANDARD = gnu17;
				GCC_NO_COMMON_BLOCKS = YES;
				GCC_WARN_64_TO_32_BIT_CONVERSION = YES;
				GCC_WARN_ABOUT_RETURN_TYPE = YES_ERROR;
				GCC_WARN_UNDECLARED_SELECTOR = YES;
				GCC_WARN_UNINITIALIZED_AUTOS = YES_AGGRESSIVE;
				GCC_WARN_UNUSED_FUNCTION = YES;
				GCC_WARN_UNUSED_VARIABLE = YES;
				IPHONEOS_DEPLOYMENT_TARGET = 17.4;
				LOCALIZATION_PREFERS_STRING_CATALOGS = YES;
				MTL_ENABLE_DEBUG_INFO = NO;
				MTL_FAST_MATH = YES;
				SDKROOT = iphoneos;
				SWIFT_COMPILATION_MODE = wholemodule;
				VALIDATE_PRODUCT = YES;
			};
			name = Release;
		};
		E06B81CF2C6B7AA2009E4B40 /* Debug */ = {
			isa = XCBuildConfiguration;
			buildSettings = {
				ASSETCATALOG_COMPILER_APPICON_NAME = AppIcon;
				ASSETCATALOG_COMPILER_GLOBAL_ACCENT_COLOR_NAME = AccentColor;
				CODE_SIGN_STYLE = Automatic;
				CURRENT_PROJECT_VERSION = 1;
				DEVELOPMENT_TEAM = L348QC8MG7;
				GENERATE_INFOPLIST_FILE = YES;
				INFOPLIST_FILE = thisbookthatbook/Info.plist;
				INFOPLIST_KEY_CFBundleDisplayName = "이책저책";
				INFOPLIST_KEY_UIApplicationSupportsIndirectInputEvents = YES;
				INFOPLIST_KEY_UILaunchStoryboardName = LaunchScreen;
				INFOPLIST_KEY_UISupportedInterfaceOrientations = UIInterfaceOrientationPortrait;
				INFOPLIST_KEY_UISupportedInterfaceOrientations_iPad = "UIInterfaceOrientationLandscapeLeft UIInterfaceOrientationLandscapeRight UIInterfaceOrientationPortrait UIInterfaceOrientationPortraitUpsideDown";
				INFOPLIST_KEY_UIUserInterfaceStyle = Light;
				IPHONEOS_DEPLOYMENT_TARGET = 16.0;
				LD_RUNPATH_SEARCH_PATHS = (
					"$(inherited)",
					"@executable_path/Frameworks",
				);
				MARKETING_VERSION = 1.0;
				PRODUCT_BUNDLE_IDENTIFIER = jeongyun.thisbookthatbook;
				PRODUCT_NAME = "$(TARGET_NAME)";
				SUPPORTED_PLATFORMS = "iphoneos iphonesimulator";
				SUPPORTS_MACCATALYST = NO;
				SUPPORTS_MAC_DESIGNED_FOR_IPHONE_IPAD = NO;
				SUPPORTS_XR_DESIGNED_FOR_IPHONE_IPAD = NO;
				SWIFT_EMIT_LOC_STRINGS = YES;
				SWIFT_VERSION = 5.0;
				TARGETED_DEVICE_FAMILY = 1;
			};
			name = Debug;
		};
		E06B81D02C6B7AA2009E4B40 /* Release */ = {
			isa = XCBuildConfiguration;
			buildSettings = {
				ASSETCATALOG_COMPILER_APPICON_NAME = AppIcon;
				ASSETCATALOG_COMPILER_GLOBAL_ACCENT_COLOR_NAME = AccentColor;
				CODE_SIGN_STYLE = Automatic;
				CURRENT_PROJECT_VERSION = 1;
				DEVELOPMENT_TEAM = L348QC8MG7;
				GENERATE_INFOPLIST_FILE = YES;
				INFOPLIST_FILE = thisbookthatbook/Info.plist;
				INFOPLIST_KEY_CFBundleDisplayName = "이책저책";
				INFOPLIST_KEY_UIApplicationSupportsIndirectInputEvents = YES;
				INFOPLIST_KEY_UILaunchStoryboardName = LaunchScreen;
				INFOPLIST_KEY_UISupportedInterfaceOrientations = UIInterfaceOrientationPortrait;
				INFOPLIST_KEY_UISupportedInterfaceOrientations_iPad = "UIInterfaceOrientationLandscapeLeft UIInterfaceOrientationLandscapeRight UIInterfaceOrientationPortrait UIInterfaceOrientationPortraitUpsideDown";
				INFOPLIST_KEY_UIUserInterfaceStyle = Light;
				IPHONEOS_DEPLOYMENT_TARGET = 16.0;
				LD_RUNPATH_SEARCH_PATHS = (
					"$(inherited)",
					"@executable_path/Frameworks",
				);
				MARKETING_VERSION = 1.0;
				PRODUCT_BUNDLE_IDENTIFIER = jeongyun.thisbookthatbook;
				PRODUCT_NAME = "$(TARGET_NAME)";
				SUPPORTED_PLATFORMS = "iphoneos iphonesimulator";
				SUPPORTS_MACCATALYST = NO;
				SUPPORTS_MAC_DESIGNED_FOR_IPHONE_IPAD = NO;
				SUPPORTS_XR_DESIGNED_FOR_IPHONE_IPAD = NO;
				SWIFT_EMIT_LOC_STRINGS = YES;
				SWIFT_VERSION = 5.0;
				TARGETED_DEVICE_FAMILY = 1;
			};
			name = Release;
		};
/* End XCBuildConfiguration section */

/* Begin XCConfigurationList section */
		E06B81B52C6B7AA0009E4B40 /* Build configuration list for PBXProject "thisbookthatbook" */ = {
			isa = XCConfigurationList;
			buildConfigurations = (
				E06B81CC2C6B7AA2009E4B40 /* Debug */,
				E06B81CD2C6B7AA2009E4B40 /* Release */,
			);
			defaultConfigurationIsVisible = 0;
			defaultConfigurationName = Release;
		};
		E06B81CE2C6B7AA2009E4B40 /* Build configuration list for PBXNativeTarget "thisbookthatbook" */ = {
			isa = XCConfigurationList;
			buildConfigurations = (
				E06B81CF2C6B7AA2009E4B40 /* Debug */,
				E06B81D02C6B7AA2009E4B40 /* Release */,
			);
			defaultConfigurationIsVisible = 0;
			defaultConfigurationName = Release;
		};
/* End XCConfigurationList section */

/* Begin XCRemoteSwiftPackageReference section */
		E03CF7412C80C19600E420EB /* XCRemoteSwiftPackageReference "iamport-ios" */ = {
			isa = XCRemoteSwiftPackageReference;
			repositoryURL = "https://github.com/iamport/iamport-ios.git";
			requirement = {
				kind = upToNextMajorVersion;
				minimumVersion = 1.4.2;
			};
		};
		E06B81DD2C6B7C3E009E4B40 /* XCRemoteSwiftPackageReference "Toast-Swift" */ = {
			isa = XCRemoteSwiftPackageReference;
			repositoryURL = "https://github.com/scalessec/Toast-Swift";
			requirement = {
				kind = upToNextMajorVersion;
				minimumVersion = 5.1.1;
			};
		};
		E06B81E02C6B7C48009E4B40 /* XCRemoteSwiftPackageReference "Alamofire" */ = {
			isa = XCRemoteSwiftPackageReference;
			repositoryURL = "https://github.com/Alamofire/Alamofire";
			requirement = {
				kind = upToNextMajorVersion;
				minimumVersion = 5.9.1;
			};
		};
		E06B81E32C6B7C5C009E4B40 /* XCRemoteSwiftPackageReference "Kingfisher" */ = {
			isa = XCRemoteSwiftPackageReference;
			repositoryURL = "https://github.com/onevcat/Kingfisher.git";
			requirement = {
				kind = upToNextMajorVersion;
				minimumVersion = 7.12.0;
			};
		};
		E06B81E62C6B7C6C009E4B40 /* XCRemoteSwiftPackageReference "RxSwift" */ = {
			isa = XCRemoteSwiftPackageReference;
			repositoryURL = "https://github.com/ReactiveX/RxSwift.git";
			requirement = {
				kind = upToNextMajorVersion;
				minimumVersion = 6.7.1;
			};
		};
		E06B81EB2C6B7C76009E4B40 /* XCRemoteSwiftPackageReference "SnapKit" */ = {
			isa = XCRemoteSwiftPackageReference;
			repositoryURL = "https://github.com/SnapKit/SnapKit";
			requirement = {
				kind = upToNextMajorVersion;
				minimumVersion = 5.7.1;
			};
		};
		E0B9D1642C78E106005858E1 /* XCRemoteSwiftPackageReference "IQKeyboardManager" */ = {
			isa = XCRemoteSwiftPackageReference;
			repositoryURL = "https://github.com/hackiftekhar/IQKeyboardManager.git";
			requirement = {
				kind = upToNextMajorVersion;
				minimumVersion = 7.1.1;
			};
		};
		E0B9D1842C7C2B53005858E1 /* XCRemoteSwiftPackageReference "Tabman" */ = {
			isa = XCRemoteSwiftPackageReference;
			repositoryURL = "https://github.com/uias/Tabman";
			requirement = {
				kind = upToNextMajorVersion;
				minimumVersion = 3.2.0;
			};
		};
/* End XCRemoteSwiftPackageReference section */

/* Begin XCSwiftPackageProductDependency section */
		E03CF7422C80C19600E420EB /* iamport-ios */ = {
			isa = XCSwiftPackageProductDependency;
			package = E03CF7412C80C19600E420EB /* XCRemoteSwiftPackageReference "iamport-ios" */;
			productName = "iamport-ios";
		};
		E06B81DE2C6B7C3E009E4B40 /* Toast */ = {
			isa = XCSwiftPackageProductDependency;
			package = E06B81DD2C6B7C3E009E4B40 /* XCRemoteSwiftPackageReference "Toast-Swift" */;
			productName = Toast;
		};
		E06B81E12C6B7C48009E4B40 /* Alamofire */ = {
			isa = XCSwiftPackageProductDependency;
			package = E06B81E02C6B7C48009E4B40 /* XCRemoteSwiftPackageReference "Alamofire" */;
			productName = Alamofire;
		};
		E06B81E42C6B7C5C009E4B40 /* Kingfisher */ = {
			isa = XCSwiftPackageProductDependency;
			package = E06B81E32C6B7C5C009E4B40 /* XCRemoteSwiftPackageReference "Kingfisher" */;
			productName = Kingfisher;
		};
		E06B81E72C6B7C6C009E4B40 /* RxCocoa */ = {
			isa = XCSwiftPackageProductDependency;
			package = E06B81E62C6B7C6C009E4B40 /* XCRemoteSwiftPackageReference "RxSwift" */;
			productName = RxCocoa;
		};
		E06B81E92C6B7C6C009E4B40 /* RxSwift */ = {
			isa = XCSwiftPackageProductDependency;
			package = E06B81E62C6B7C6C009E4B40 /* XCRemoteSwiftPackageReference "RxSwift" */;
			productName = RxSwift;
		};
		E06B81EC2C6B7C76009E4B40 /* SnapKit */ = {
			isa = XCSwiftPackageProductDependency;
			package = E06B81EB2C6B7C76009E4B40 /* XCRemoteSwiftPackageReference "SnapKit" */;
			productName = SnapKit;
		};
		E0B9D1652C78E106005858E1 /* IQKeyboardManagerSwift */ = {
			isa = XCSwiftPackageProductDependency;
			package = E0B9D1642C78E106005858E1 /* XCRemoteSwiftPackageReference "IQKeyboardManager" */;
			productName = IQKeyboardManagerSwift;
		};
		E0B9D1852C7C2B53005858E1 /* Tabman */ = {
			isa = XCSwiftPackageProductDependency;
			package = E0B9D1842C7C2B53005858E1 /* XCRemoteSwiftPackageReference "Tabman" */;
			productName = Tabman;
		};
/* End XCSwiftPackageProductDependency section */
	};
	rootObject = E06B81B22C6B7AA0009E4B40 /* Project object */;
}
