// !$*UTF8*$!
{
	archiveVersion = 1;
	classes = {
	};
	objectVersion = 56;
	objects = {

/* Begin PBXBuildFile section */
		E06B81BE2C6B7AA0009E4B40 /* AppDelegate.swift in Sources */ = {isa = PBXBuildFile; fileRef = E06B81BD2C6B7AA0009E4B40 /* AppDelegate.swift */; };
		E06B81C02C6B7AA0009E4B40 /* SceneDelegate.swift in Sources */ = {isa = PBXBuildFile; fileRef = E06B81BF2C6B7AA0009E4B40 /* SceneDelegate.swift */; };
		E06B81C72C6B7AA2009E4B40 /* Assets.xcassets in Resources */ = {isa = PBXBuildFile; fileRef = E06B81C62C6B7AA2009E4B40 /* Assets.xcassets */; };
		E06B81CA2C6B7AA2009E4B40 /* Base in Resources */ = {isa = PBXBuildFile; fileRef = E06B81C92C6B7AA2009E4B40 /* Base */; };
		E06B81D22C6B7AC2009E4B40 /* .gitignore in Resources */ = {isa = PBXBuildFile; fileRef = E06B81D12C6B7AC2009E4B40 /* .gitignore */; };
		E06B81D42C6B7ADE009E4B40 /* APIKey.swift in Sources */ = {isa = PBXBuildFile; fileRef = E06B81D32C6B7ADE009E4B40 /* APIKey.swift */; };
		E06B81D82C6B7B1D009E4B40 /* BaseViewController.swift in Sources */ = {isa = PBXBuildFile; fileRef = E06B81D72C6B7B1D009E4B40 /* BaseViewController.swift */; };
		E06B81DA2C6B7B56009E4B40 /* BaseView.swift in Sources */ = {isa = PBXBuildFile; fileRef = E06B81D92C6B7B56009E4B40 /* BaseView.swift */; };
		E06B81DC2C6B7BC7009E4B40 /* BaseTableViewCell.swift in Sources */ = {isa = PBXBuildFile; fileRef = E06B81DB2C6B7BC7009E4B40 /* BaseTableViewCell.swift */; };
		E06B81DF2C6B7C3E009E4B40 /* Toast in Frameworks */ = {isa = PBXBuildFile; productRef = E06B81DE2C6B7C3E009E4B40 /* Toast */; };
		E06B81E22C6B7C48009E4B40 /* Alamofire in Frameworks */ = {isa = PBXBuildFile; productRef = E06B81E12C6B7C48009E4B40 /* Alamofire */; };
		E06B81E52C6B7C5C009E4B40 /* Kingfisher in Frameworks */ = {isa = PBXBuildFile; productRef = E06B81E42C6B7C5C009E4B40 /* Kingfisher */; };
		E06B81E82C6B7C6C009E4B40 /* RxCocoa in Frameworks */ = {isa = PBXBuildFile; productRef = E06B81E72C6B7C6C009E4B40 /* RxCocoa */; };
		E06B81EA2C6B7C6C009E4B40 /* RxSwift in Frameworks */ = {isa = PBXBuildFile; productRef = E06B81E92C6B7C6C009E4B40 /* RxSwift */; };
		E06B81ED2C6B7C76009E4B40 /* SnapKit in Frameworks */ = {isa = PBXBuildFile; productRef = E06B81EC2C6B7C76009E4B40 /* SnapKit */; };
		E06B81F02C6B7C87009E4B40 /* Resource.swift in Sources */ = {isa = PBXBuildFile; fileRef = E06B81EF2C6B7C87009E4B40 /* Resource.swift */; };
		E06B81F32C6B7D56009E4B40 /* PlusButton.swift in Sources */ = {isa = PBXBuildFile; fileRef = E06B81F22C6B7D56009E4B40 /* PlusButton.swift */; };
		E06B81FC2C6B7E63009E4B40 /* LoginViewController.swift in Sources */ = {isa = PBXBuildFile; fileRef = E06B81FB2C6B7E63009E4B40 /* LoginViewController.swift */; };
		E06B81FE2C6B7ED6009E4B40 /* BaseViewModel.swift in Sources */ = {isa = PBXBuildFile; fileRef = E06B81FD2C6B7ED6009E4B40 /* BaseViewModel.swift */; };
		E06B82012C6B7F0E009E4B40 /* ReusableIdentifier.swift in Sources */ = {isa = PBXBuildFile; fileRef = E06B82002C6B7F0E009E4B40 /* ReusableIdentifier.swift */; };
		E06B82032C6B9D14009E4B40 /* TabBarController.swift in Sources */ = {isa = PBXBuildFile; fileRef = E06B82022C6B9D14009E4B40 /* TabBarController.swift */; };
		E06B82052C6B9E5C009E4B40 /* FeedViewController.swift in Sources */ = {isa = PBXBuildFile; fileRef = E06B82042C6B9E5C009E4B40 /* FeedViewController.swift */; };
		E06B82072C6B9E6D009E4B40 /* ProfileViewController.swift in Sources */ = {isa = PBXBuildFile; fileRef = E06B82062C6B9E6D009E4B40 /* ProfileViewController.swift */; };
		E06B820A2C6BA3A6009E4B40 /* UserDefaultsManager.swift in Sources */ = {isa = PBXBuildFile; fileRef = E06B82092C6BA3A6009E4B40 /* UserDefaultsManager.swift */; };
		E06B820D2C6BA517009E4B40 /* NetworkService.swift in Sources */ = {isa = PBXBuildFile; fileRef = E06B820C2C6BA517009E4B40 /* NetworkService.swift */; };
		E06B820F2C6BA51C009E4B40 /* AuthorizationRouter.swift in Sources */ = {isa = PBXBuildFile; fileRef = E06B820E2C6BA51C009E4B40 /* AuthorizationRouter.swift */; };
		E06B82122C6BA553009E4B40 /* LoginQuery.swift in Sources */ = {isa = PBXBuildFile; fileRef = E06B82112C6BA553009E4B40 /* LoginQuery.swift */; };
		E06B82172C6BAEF3009E4B40 /* LoginViewModel.swift in Sources */ = {isa = PBXBuildFile; fileRef = E06B82162C6BAEF3009E4B40 /* LoginViewModel.swift */; };
		E06B82192C6BB14E009E4B40 /* CustomTextField.swift in Sources */ = {isa = PBXBuildFile; fileRef = E06B82182C6BB14E009E4B40 /* CustomTextField.swift */; };
		E06B821B2C6BB401009E4B40 /* Text.swift in Sources */ = {isa = PBXBuildFile; fileRef = E06B821A2C6BB401009E4B40 /* Text.swift */; };
		E06B821E2C6BBE36009E4B40 /* UIViewController + Extension.swift in Sources */ = {isa = PBXBuildFile; fileRef = E06B821D2C6BBE36009E4B40 /* UIViewController + Extension.swift */; };
		E06B82202C6C3C9E009E4B40 /* Alert.swift in Sources */ = {isa = PBXBuildFile; fileRef = E06B821F2C6C3C9E009E4B40 /* Alert.swift */; };
		E06B82222C6C3D46009E4B40 /* Toast.swift in Sources */ = {isa = PBXBuildFile; fileRef = E06B82212C6C3D46009E4B40 /* Toast.swift */; };
		E06B825D2C6C5B0A009E4B40 /* Localizable.xcstrings in Resources */ = {isa = PBXBuildFile; fileRef = E06B825C2C6C5B0A009E4B40 /* Localizable.xcstrings */; };
		E06B82622C6C5CBE009E4B40 /* String + Extension.swift in Sources */ = {isa = PBXBuildFile; fileRef = E06B82612C6C5CBE009E4B40 /* String + Extension.swift */; };
		E06B82652C6CCD59009E4B40 /* Login.swift in Sources */ = {isa = PBXBuildFile; fileRef = E06B82642C6CCD59009E4B40 /* Login.swift */; };
		E06B82672C6CD694009E4B40 /* TargetType.swift in Sources */ = {isa = PBXBuildFile; fileRef = E06B82662C6CD694009E4B40 /* TargetType.swift */; };
		E06B82692C6CDBD2009E4B40 /* ErrorCase.swift in Sources */ = {isa = PBXBuildFile; fileRef = E06B82682C6CDBD2009E4B40 /* ErrorCase.swift */; };
/* End PBXBuildFile section */

/* Begin PBXFileReference section */
		E06B81BA2C6B7AA0009E4B40 /* thisbookthatbook.app */ = {isa = PBXFileReference; explicitFileType = wrapper.application; includeInIndex = 0; path = thisbookthatbook.app; sourceTree = BUILT_PRODUCTS_DIR; };
		E06B81BD2C6B7AA0009E4B40 /* AppDelegate.swift */ = {isa = PBXFileReference; lastKnownFileType = sourcecode.swift; path = AppDelegate.swift; sourceTree = "<group>"; };
		E06B81BF2C6B7AA0009E4B40 /* SceneDelegate.swift */ = {isa = PBXFileReference; lastKnownFileType = sourcecode.swift; path = SceneDelegate.swift; sourceTree = "<group>"; };
		E06B81C62C6B7AA2009E4B40 /* Assets.xcassets */ = {isa = PBXFileReference; lastKnownFileType = folder.assetcatalog; path = Assets.xcassets; sourceTree = "<group>"; };
		E06B81C92C6B7AA2009E4B40 /* Base */ = {isa = PBXFileReference; lastKnownFileType = file.storyboard; name = Base; path = Base.lproj/LaunchScreen.storyboard; sourceTree = "<group>"; };
		E06B81CB2C6B7AA2009E4B40 /* Info.plist */ = {isa = PBXFileReference; lastKnownFileType = text.plist.xml; path = Info.plist; sourceTree = "<group>"; };
		E06B81D12C6B7AC2009E4B40 /* .gitignore */ = {isa = PBXFileReference; lastKnownFileType = text; path = .gitignore; sourceTree = "<group>"; };
		E06B81D32C6B7ADE009E4B40 /* APIKey.swift */ = {isa = PBXFileReference; lastKnownFileType = sourcecode.swift; path = APIKey.swift; sourceTree = "<group>"; };
		E06B81D72C6B7B1D009E4B40 /* BaseViewController.swift */ = {isa = PBXFileReference; lastKnownFileType = sourcecode.swift; path = BaseViewController.swift; sourceTree = "<group>"; };
		E06B81D92C6B7B56009E4B40 /* BaseView.swift */ = {isa = PBXFileReference; lastKnownFileType = sourcecode.swift; path = BaseView.swift; sourceTree = "<group>"; };
		E06B81DB2C6B7BC7009E4B40 /* BaseTableViewCell.swift */ = {isa = PBXFileReference; lastKnownFileType = sourcecode.swift; path = BaseTableViewCell.swift; sourceTree = "<group>"; };
		E06B81EF2C6B7C87009E4B40 /* Resource.swift */ = {isa = PBXFileReference; lastKnownFileType = sourcecode.swift; path = Resource.swift; sourceTree = "<group>"; };
		E06B81F22C6B7D56009E4B40 /* PlusButton.swift */ = {isa = PBXFileReference; lastKnownFileType = sourcecode.swift; path = PlusButton.swift; sourceTree = "<group>"; };
		E06B81FB2C6B7E63009E4B40 /* LoginViewController.swift */ = {isa = PBXFileReference; lastKnownFileType = sourcecode.swift; path = LoginViewController.swift; sourceTree = "<group>"; };
		E06B81FD2C6B7ED6009E4B40 /* BaseViewModel.swift */ = {isa = PBXFileReference; lastKnownFileType = sourcecode.swift; path = BaseViewModel.swift; sourceTree = "<group>"; };
		E06B82002C6B7F0E009E4B40 /* ReusableIdentifier.swift */ = {isa = PBXFileReference; lastKnownFileType = sourcecode.swift; path = ReusableIdentifier.swift; sourceTree = "<group>"; };
		E06B82022C6B9D14009E4B40 /* TabBarController.swift */ = {isa = PBXFileReference; lastKnownFileType = sourcecode.swift; path = TabBarController.swift; sourceTree = "<group>"; };
		E06B82042C6B9E5C009E4B40 /* FeedViewController.swift */ = {isa = PBXFileReference; lastKnownFileType = sourcecode.swift; path = FeedViewController.swift; sourceTree = "<group>"; };
		E06B82062C6B9E6D009E4B40 /* ProfileViewController.swift */ = {isa = PBXFileReference; lastKnownFileType = sourcecode.swift; path = ProfileViewController.swift; sourceTree = "<group>"; };
		E06B82092C6BA3A6009E4B40 /* UserDefaultsManager.swift */ = {isa = PBXFileReference; lastKnownFileType = sourcecode.swift; path = UserDefaultsManager.swift; sourceTree = "<group>"; };
		E06B820C2C6BA517009E4B40 /* NetworkService.swift */ = {isa = PBXFileReference; lastKnownFileType = sourcecode.swift; path = NetworkService.swift; sourceTree = "<group>"; };
		E06B820E2C6BA51C009E4B40 /* AuthorizationRouter.swift */ = {isa = PBXFileReference; lastKnownFileType = sourcecode.swift; path = AuthorizationRouter.swift; sourceTree = "<group>"; };
		E06B82112C6BA553009E4B40 /* LoginQuery.swift */ = {isa = PBXFileReference; lastKnownFileType = sourcecode.swift; path = LoginQuery.swift; sourceTree = "<group>"; };
		E06B82162C6BAEF3009E4B40 /* LoginViewModel.swift */ = {isa = PBXFileReference; lastKnownFileType = sourcecode.swift; path = LoginViewModel.swift; sourceTree = "<group>"; };
		E06B82182C6BB14E009E4B40 /* CustomTextField.swift */ = {isa = PBXFileReference; lastKnownFileType = sourcecode.swift; path = CustomTextField.swift; sourceTree = "<group>"; };
		E06B821A2C6BB401009E4B40 /* Text.swift */ = {isa = PBXFileReference; lastKnownFileType = sourcecode.swift; path = Text.swift; sourceTree = "<group>"; };
		E06B821D2C6BBE36009E4B40 /* UIViewController + Extension.swift */ = {isa = PBXFileReference; lastKnownFileType = sourcecode.swift; path = "UIViewController + Extension.swift"; sourceTree = "<group>"; };
		E06B821F2C6C3C9E009E4B40 /* Alert.swift */ = {isa = PBXFileReference; lastKnownFileType = sourcecode.swift; path = Alert.swift; sourceTree = "<group>"; };
		E06B82212C6C3D46009E4B40 /* Toast.swift */ = {isa = PBXFileReference; lastKnownFileType = sourcecode.swift; path = Toast.swift; sourceTree = "<group>"; };
		E06B825C2C6C5B0A009E4B40 /* Localizable.xcstrings */ = {isa = PBXFileReference; lastKnownFileType = text.json.xcstrings; path = Localizable.xcstrings; sourceTree = "<group>"; };
		E06B825E2C6C5B22009E4B40 /* ko */ = {isa = PBXFileReference; lastKnownFileType = text.plist.strings; name = ko; path = ko.lproj/LaunchScreen.strings; sourceTree = "<group>"; };
		E06B82612C6C5CBE009E4B40 /* String + Extension.swift */ = {isa = PBXFileReference; lastKnownFileType = sourcecode.swift; path = "String + Extension.swift"; sourceTree = "<group>"; };
		E06B82642C6CCD59009E4B40 /* Login.swift */ = {isa = PBXFileReference; lastKnownFileType = sourcecode.swift; path = Login.swift; sourceTree = "<group>"; };
		E06B82662C6CD694009E4B40 /* TargetType.swift */ = {isa = PBXFileReference; lastKnownFileType = sourcecode.swift; path = TargetType.swift; sourceTree = "<group>"; };
		E06B82682C6CDBD2009E4B40 /* ErrorCase.swift */ = {isa = PBXFileReference; lastKnownFileType = sourcecode.swift; path = ErrorCase.swift; sourceTree = "<group>"; };
/* End PBXFileReference section */

/* Begin PBXFrameworksBuildPhase section */
		E06B81B72C6B7AA0009E4B40 /* Frameworks */ = {
			isa = PBXFrameworksBuildPhase;
			buildActionMask = 2147483647;
			files = (
				E06B81E52C6B7C5C009E4B40 /* Kingfisher in Frameworks */,
				E06B81DF2C6B7C3E009E4B40 /* Toast in Frameworks */,
				E06B81EA2C6B7C6C009E4B40 /* RxSwift in Frameworks */,
				E06B81ED2C6B7C76009E4B40 /* SnapKit in Frameworks */,
				E06B81E82C6B7C6C009E4B40 /* RxCocoa in Frameworks */,
				E06B81E22C6B7C48009E4B40 /* Alamofire in Frameworks */,
			);
			runOnlyForDeploymentPostprocessing = 0;
		};
/* End PBXFrameworksBuildPhase section */

/* Begin PBXGroup section */
		E06B81B12C6B7AA0009E4B40 = {
			isa = PBXGroup;
			children = (
				E06B825C2C6C5B0A009E4B40 /* Localizable.xcstrings */,
				E06B81D12C6B7AC2009E4B40 /* .gitignore */,
				E06B81D32C6B7ADE009E4B40 /* APIKey.swift */,
				E06B81BC2C6B7AA0009E4B40 /* thisbookthatbook */,
				E06B81BB2C6B7AA0009E4B40 /* Products */,
			);
			sourceTree = "<group>";
		};
		E06B81BB2C6B7AA0009E4B40 /* Products */ = {
			isa = PBXGroup;
			children = (
				E06B81BA2C6B7AA0009E4B40 /* thisbookthatbook.app */,
			);
			name = Products;
			sourceTree = "<group>";
		};
		E06B81BC2C6B7AA0009E4B40 /* thisbookthatbook */ = {
			isa = PBXGroup;
			children = (
				E06B820B2C6BA510009E4B40 /* Network */,
				E06B82082C6BA395009E4B40 /* Database */,
				E06B81F42C6B7E07009E4B40 /* Pages */,
				E06B81D52C6B7AF3009E4B40 /* Constant */,
				E06B81BD2C6B7AA0009E4B40 /* AppDelegate.swift */,
				E06B81BF2C6B7AA0009E4B40 /* SceneDelegate.swift */,
				E06B81C62C6B7AA2009E4B40 /* Assets.xcassets */,
				E06B81C82C6B7AA2009E4B40 /* LaunchScreen.storyboard */,
				E06B81CB2C6B7AA2009E4B40 /* Info.plist */,
			);
			path = thisbookthatbook;
			sourceTree = "<group>";
		};
		E06B81D52C6B7AF3009E4B40 /* Constant */ = {
			isa = PBXGroup;
			children = (
				E06B821C2C6BBE2D009E4B40 /* Extension */,
				E06B81FF2C6B7F02009E4B40 /* Protocol */,
				E06B81F12C6B7D4F009E4B40 /* CustomView */,
				E06B81EE2C6B7C7B009E4B40 /* Resource */,
				E06B81D62C6B7B0F009E4B40 /* Base */,
			);
			path = Constant;
			sourceTree = "<group>";
		};
		E06B81D62C6B7B0F009E4B40 /* Base */ = {
			isa = PBXGroup;
			children = (
				E06B81D72C6B7B1D009E4B40 /* BaseViewController.swift */,
				E06B81D92C6B7B56009E4B40 /* BaseView.swift */,
				E06B81DB2C6B7BC7009E4B40 /* BaseTableViewCell.swift */,
			);
			path = Base;
			sourceTree = "<group>";
		};
		E06B81EE2C6B7C7B009E4B40 /* Resource */ = {
			isa = PBXGroup;
			children = (
				E06B81EF2C6B7C87009E4B40 /* Resource.swift */,
				E06B821A2C6BB401009E4B40 /* Text.swift */,
				E06B821F2C6C3C9E009E4B40 /* Alert.swift */,
				E06B82212C6C3D46009E4B40 /* Toast.swift */,
			);
			path = Resource;
			sourceTree = "<group>";
		};
		E06B81F12C6B7D4F009E4B40 /* CustomView */ = {
			isa = PBXGroup;
			children = (
				E06B81F22C6B7D56009E4B40 /* PlusButton.swift */,
				E06B82022C6B9D14009E4B40 /* TabBarController.swift */,
				E06B82182C6BB14E009E4B40 /* CustomTextField.swift */,
			);
			path = CustomView;
			sourceTree = "<group>";
		};
		E06B81F42C6B7E07009E4B40 /* Pages */ = {
			isa = PBXGroup;
			children = (
				E06B81F62C6B7E12009E4B40 /* Login */,
				E06B81F52C6B7E0C009E4B40 /* Feed */,
				E06B81F82C6B7E44009E4B40 /* Profile */,
				E06B81F72C6B7E24009E4B40 /* Post */,
			);
			path = Pages;
			sourceTree = "<group>";
		};
		E06B81F52C6B7E0C009E4B40 /* Feed */ = {
			isa = PBXGroup;
			children = (
				E06B82042C6B9E5C009E4B40 /* FeedViewController.swift */,
			);
			path = Feed;
			sourceTree = "<group>";
		};
		E06B81F62C6B7E12009E4B40 /* Login */ = {
			isa = PBXGroup;
			children = (
				E06B82152C6BAEE7009E4B40 /* ViewModel */,
				E06B81FB2C6B7E63009E4B40 /* LoginViewController.swift */,
			);
			path = Login;
			sourceTree = "<group>";
		};
		E06B81F72C6B7E24009E4B40 /* Post */ = {
			isa = PBXGroup;
			children = (
			);
			path = Post;
			sourceTree = "<group>";
		};
		E06B81F82C6B7E44009E4B40 /* Profile */ = {
			isa = PBXGroup;
			children = (
				E06B82062C6B9E6D009E4B40 /* ProfileViewController.swift */,
			);
			path = Profile;
			sourceTree = "<group>";
		};
		E06B81FF2C6B7F02009E4B40 /* Protocol */ = {
			isa = PBXGroup;
			children = (
				E06B81FD2C6B7ED6009E4B40 /* BaseViewModel.swift */,
				E06B82002C6B7F0E009E4B40 /* ReusableIdentifier.swift */,
				E06B82662C6CD694009E4B40 /* TargetType.swift */,
			);
			path = Protocol;
			sourceTree = "<group>";
		};
		E06B82082C6BA395009E4B40 /* Database */ = {
			isa = PBXGroup;
			children = (
				E06B82092C6BA3A6009E4B40 /* UserDefaultsManager.swift */,
			);
			path = Database;
			sourceTree = "<group>";
		};
		E06B820B2C6BA510009E4B40 /* Network */ = {
			isa = PBXGroup;
			children = (
				E06B82632C6CCD56009E4B40 /* Model */,
				E06B82102C6BA54B009E4B40 /* Query */,
				E06B820C2C6BA517009E4B40 /* NetworkService.swift */,
				E06B820E2C6BA51C009E4B40 /* AuthorizationRouter.swift */,
				E06B82682C6CDBD2009E4B40 /* ErrorCase.swift */,
			);
			path = Network;
			sourceTree = "<group>";
		};
		E06B82102C6BA54B009E4B40 /* Query */ = {
			isa = PBXGroup;
			children = (
				E06B82112C6BA553009E4B40 /* LoginQuery.swift */,
			);
			path = Query;
			sourceTree = "<group>";
		};
		E06B82152C6BAEE7009E4B40 /* ViewModel */ = {
			isa = PBXGroup;
			children = (
				E06B82162C6BAEF3009E4B40 /* LoginViewModel.swift */,
			);
			path = ViewModel;
			sourceTree = "<group>";
		};
		E06B821C2C6BBE2D009E4B40 /* Extension */ = {
			isa = PBXGroup;
			children = (
				E06B821D2C6BBE36009E4B40 /* UIViewController + Extension.swift */,
				E06B82612C6C5CBE009E4B40 /* String + Extension.swift */,
			);
			path = Extension;
			sourceTree = "<group>";
		};
		E06B82632C6CCD56009E4B40 /* Model */ = {
			isa = PBXGroup;
			children = (
				E06B82642C6CCD59009E4B40 /* Login.swift */,
			);
			path = Model;
			sourceTree = "<group>";
		};
/* End PBXGroup section */

/* Begin PBXNativeTarget section */
		E06B81B92C6B7AA0009E4B40 /* thisbookthatbook */ = {
			isa = PBXNativeTarget;
			buildConfigurationList = E06B81CE2C6B7AA2009E4B40 /* Build configuration list for PBXNativeTarget "thisbookthatbook" */;
			buildPhases = (
				E06B81B62C6B7AA0009E4B40 /* Sources */,
				E06B81B72C6B7AA0009E4B40 /* Frameworks */,
				E06B81B82C6B7AA0009E4B40 /* Resources */,
			);
			buildRules = (
			);
			dependencies = (
			);
			name = thisbookthatbook;
			packageProductDependencies = (
				E06B81DE2C6B7C3E009E4B40 /* Toast */,
				E06B81E12C6B7C48009E4B40 /* Alamofire */,
				E06B81E42C6B7C5C009E4B40 /* Kingfisher */,
				E06B81E72C6B7C6C009E4B40 /* RxCocoa */,
				E06B81E92C6B7C6C009E4B40 /* RxSwift */,
				E06B81EC2C6B7C76009E4B40 /* SnapKit */,
			);
			productName = thisbookthatbook;
			productReference = E06B81BA2C6B7AA0009E4B40 /* thisbookthatbook.app */;
			productType = "com.apple.product-type.application";
		};
/* End PBXNativeTarget section */

/* Begin PBXProject section */
		E06B81B22C6B7AA0009E4B40 /* Project object */ = {
			isa = PBXProject;
			attributes = {
				BuildIndependentTargetsInParallel = 1;
				LastSwiftUpdateCheck = 1530;
				LastUpgradeCheck = 1530;
				TargetAttributes = {
					E06B81B92C6B7AA0009E4B40 = {
						CreatedOnToolsVersion = 15.3;
					};
				};
			};
			buildConfigurationList = E06B81B52C6B7AA0009E4B40 /* Build configuration list for PBXProject "thisbookthatbook" */;
			compatibilityVersion = "Xcode 14.0";
			developmentRegion = en;
			hasScannedForEncodings = 0;
			knownRegions = (
				en,
				Base,
				ko,
			);
			mainGroup = E06B81B12C6B7AA0009E4B40;
			packageReferences = (
				E06B81DD2C6B7C3E009E4B40 /* XCRemoteSwiftPackageReference "Toast-Swift" */,
				E06B81E02C6B7C48009E4B40 /* XCRemoteSwiftPackageReference "Alamofire" */,
				E06B81E32C6B7C5C009E4B40 /* XCRemoteSwiftPackageReference "Kingfisher" */,
				E06B81E62C6B7C6C009E4B40 /* XCRemoteSwiftPackageReference "RxSwift" */,
				E06B81EB2C6B7C76009E4B40 /* XCRemoteSwiftPackageReference "SnapKit" */,
			);
			productRefGroup = E06B81BB2C6B7AA0009E4B40 /* Products */;
			projectDirPath = "";
			projectRoot = "";
			targets = (
				E06B81B92C6B7AA0009E4B40 /* thisbookthatbook */,
			);
		};
/* End PBXProject section */

/* Begin PBXResourcesBuildPhase section */
		E06B81B82C6B7AA0009E4B40 /* Resources */ = {
			isa = PBXResourcesBuildPhase;
			buildActionMask = 2147483647;
			files = (
				E06B81D22C6B7AC2009E4B40 /* .gitignore in Resources */,
				E06B81C72C6B7AA2009E4B40 /* Assets.xcassets in Resources */,
				E06B825D2C6C5B0A009E4B40 /* Localizable.xcstrings in Resources */,
				E06B81CA2C6B7AA2009E4B40 /* Base in Resources */,
			);
			runOnlyForDeploymentPostprocessing = 0;
		};
/* End PBXResourcesBuildPhase section */

/* Begin PBXSourcesBuildPhase section */
		E06B81B62C6B7AA0009E4B40 /* Sources */ = {
			isa = PBXSourcesBuildPhase;
			buildActionMask = 2147483647;
			files = (
				E06B821E2C6BBE36009E4B40 /* UIViewController + Extension.swift in Sources */,
				E06B81D82C6B7B1D009E4B40 /* BaseViewController.swift in Sources */,
				E06B82032C6B9D14009E4B40 /* TabBarController.swift in Sources */,
				E06B82012C6B7F0E009E4B40 /* ReusableIdentifier.swift in Sources */,
				E06B81FE2C6B7ED6009E4B40 /* BaseViewModel.swift in Sources */,
				E06B82202C6C3C9E009E4B40 /* Alert.swift in Sources */,
				E06B820F2C6BA51C009E4B40 /* AuthorizationRouter.swift in Sources */,
				E06B81F02C6B7C87009E4B40 /* Resource.swift in Sources */,
				E06B820D2C6BA517009E4B40 /* NetworkService.swift in Sources */,
				E06B82622C6C5CBE009E4B40 /* String + Extension.swift in Sources */,
				E06B82172C6BAEF3009E4B40 /* LoginViewModel.swift in Sources */,
				E06B820A2C6BA3A6009E4B40 /* UserDefaultsManager.swift in Sources */,
				E06B82692C6CDBD2009E4B40 /* ErrorCase.swift in Sources */,
				E06B82672C6CD694009E4B40 /* TargetType.swift in Sources */,
				E06B82052C6B9E5C009E4B40 /* FeedViewController.swift in Sources */,
				E06B81BE2C6B7AA0009E4B40 /* AppDelegate.swift in Sources */,
				E06B82652C6CCD59009E4B40 /* Login.swift in Sources */,
				E06B81DA2C6B7B56009E4B40 /* BaseView.swift in Sources */,
				E06B81DC2C6B7BC7009E4B40 /* BaseTableViewCell.swift in Sources */,
				E06B82192C6BB14E009E4B40 /* CustomTextField.swift in Sources */,
				E06B81D42C6B7ADE009E4B40 /* APIKey.swift in Sources */,
				E06B81C02C6B7AA0009E4B40 /* SceneDelegate.swift in Sources */,
				E06B82072C6B9E6D009E4B40 /* ProfileViewController.swift in Sources */,
				E06B82122C6BA553009E4B40 /* LoginQuery.swift in Sources */,
				E06B81FC2C6B7E63009E4B40 /* LoginViewController.swift in Sources */,
				E06B82222C6C3D46009E4B40 /* Toast.swift in Sources */,
				E06B821B2C6BB401009E4B40 /* Text.swift in Sources */,
				E06B81F32C6B7D56009E4B40 /* PlusButton.swift in Sources */,
			);
			runOnlyForDeploymentPostprocessing = 0;
		};
/* End PBXSourcesBuildPhase section */

/* Begin PBXVariantGroup section */
		E06B81C82C6B7AA2009E4B40 /* LaunchScreen.storyboard */ = {
			isa = PBXVariantGroup;
			children = (
				E06B81C92C6B7AA2009E4B40 /* Base */,
				E06B825E2C6C5B22009E4B40 /* ko */,
			);
			name = LaunchScreen.storyboard;
			sourceTree = "<group>";
		};
/* End PBXVariantGroup section */

/* Begin XCBuildConfiguration section */
		E06B81CC2C6B7AA2009E4B40 /* Debug */ = {
			isa = XCBuildConfiguration;
			buildSettings = {
				ALWAYS_SEARCH_USER_PATHS = NO;
				ASSETCATALOG_COMPILER_GENERATE_SWIFT_ASSET_SYMBOL_EXTENSIONS = YES;
				CLANG_ANALYZER_LOCALIZABILITY_NONLOCALIZED = YES;
				CLANG_ANALYZER_NONNULL = YES;
				CLANG_ANALYZER_NUMBER_OBJECT_CONVERSION = YES_AGGRESSIVE;
				CLANG_CXX_LANGUAGE_STANDARD = "gnu++20";
				CLANG_ENABLE_MODULES = YES;
				CLANG_ENABLE_OBJC_ARC = YES;
				CLANG_ENABLE_OBJC_WEAK = YES;
				CLANG_WARN_BLOCK_CAPTURE_AUTORELEASING = YES;
				CLANG_WARN_BOOL_CONVERSION = YES;
				CLANG_WARN_COMMA = YES;
				CLANG_WARN_CONSTANT_CONVERSION = YES;
				CLANG_WARN_DEPRECATED_OBJC_IMPLEMENTATIONS = YES;
				CLANG_WARN_DIRECT_OBJC_ISA_USAGE = YES_ERROR;
				CLANG_WARN_DOCUMENTATION_COMMENTS = YES;
				CLANG_WARN_EMPTY_BODY = YES;
				CLANG_WARN_ENUM_CONVERSION = YES;
				CLANG_WARN_INFINITE_RECURSION = YES;
				CLANG_WARN_INT_CONVERSION = YES;
				CLANG_WARN_NON_LITERAL_NULL_CONVERSION = YES;
				CLANG_WARN_OBJC_IMPLICIT_RETAIN_SELF = YES;
				CLANG_WARN_OBJC_LITERAL_CONVERSION = YES;
				CLANG_WARN_OBJC_ROOT_CLASS = YES_ERROR;
				CLANG_WARN_QUOTED_INCLUDE_IN_FRAMEWORK_HEADER = YES;
				CLANG_WARN_RANGE_LOOP_ANALYSIS = YES;
				CLANG_WARN_STRICT_PROTOTYPES = YES;
				CLANG_WARN_SUSPICIOUS_MOVE = YES;
				CLANG_WARN_UNGUARDED_AVAILABILITY = YES_AGGRESSIVE;
				CLANG_WARN_UNREACHABLE_CODE = YES;
				CLANG_WARN__DUPLICATE_METHOD_MATCH = YES;
				COPY_PHASE_STRIP = NO;
				DEBUG_INFORMATION_FORMAT = dwarf;
				ENABLE_STRICT_OBJC_MSGSEND = YES;
				ENABLE_TESTABILITY = YES;
				ENABLE_USER_SCRIPT_SANDBOXING = YES;
				GCC_C_LANGUAGE_STANDARD = gnu17;
				GCC_DYNAMIC_NO_PIC = NO;
				GCC_NO_COMMON_BLOCKS = YES;
				GCC_OPTIMIZATION_LEVEL = 0;
				GCC_PREPROCESSOR_DEFINITIONS = (
					"DEBUG=1",
					"$(inherited)",
				);
				GCC_WARN_64_TO_32_BIT_CONVERSION = YES;
				GCC_WARN_ABOUT_RETURN_TYPE = YES_ERROR;
				GCC_WARN_UNDECLARED_SELECTOR = YES;
				GCC_WARN_UNINITIALIZED_AUTOS = YES_AGGRESSIVE;
				GCC_WARN_UNUSED_FUNCTION = YES;
				GCC_WARN_UNUSED_VARIABLE = YES;
				IPHONEOS_DEPLOYMENT_TARGET = 17.4;
				LOCALIZATION_PREFERS_STRING_CATALOGS = YES;
				MTL_ENABLE_DEBUG_INFO = INCLUDE_SOURCE;
				MTL_FAST_MATH = YES;
				ONLY_ACTIVE_ARCH = YES;
				SDKROOT = iphoneos;
				SWIFT_ACTIVE_COMPILATION_CONDITIONS = "DEBUG $(inherited)";
				SWIFT_OPTIMIZATION_LEVEL = "-Onone";
			};
			name = Debug;
		};
		E06B81CD2C6B7AA2009E4B40 /* Release */ = {
			isa = XCBuildConfiguration;
			buildSettings = {
				ALWAYS_SEARCH_USER_PATHS = NO;
				ASSETCATALOG_COMPILER_GENERATE_SWIFT_ASSET_SYMBOL_EXTENSIONS = YES;
				CLANG_ANALYZER_LOCALIZABILITY_NONLOCALIZED = YES;
				CLANG_ANALYZER_NONNULL = YES;
				CLANG_ANALYZER_NUMBER_OBJECT_CONVERSION = YES_AGGRESSIVE;
				CLANG_CXX_LANGUAGE_STANDARD = "gnu++20";
				CLANG_ENABLE_MODULES = YES;
				CLANG_ENABLE_OBJC_ARC = YES;
				CLANG_ENABLE_OBJC_WEAK = YES;
				CLANG_WARN_BLOCK_CAPTURE_AUTORELEASING = YES;
				CLANG_WARN_BOOL_CONVERSION = YES;
				CLANG_WARN_COMMA = YES;
				CLANG_WARN_CONSTANT_CONVERSION = YES;
				CLANG_WARN_DEPRECATED_OBJC_IMPLEMENTATIONS = YES;
				CLANG_WARN_DIRECT_OBJC_ISA_USAGE = YES_ERROR;
				CLANG_WARN_DOCUMENTATION_COMMENTS = YES;
				CLANG_WARN_EMPTY_BODY = YES;
				CLANG_WARN_ENUM_CONVERSION = YES;
				CLANG_WARN_INFINITE_RECURSION = YES;
				CLANG_WARN_INT_CONVERSION = YES;
				CLANG_WARN_NON_LITERAL_NULL_CONVERSION = YES;
				CLANG_WARN_OBJC_IMPLICIT_RETAIN_SELF = YES;
				CLANG_WARN_OBJC_LITERAL_CONVERSION = YES;
				CLANG_WARN_OBJC_ROOT_CLASS = YES_ERROR;
				CLANG_WARN_QUOTED_INCLUDE_IN_FRAMEWORK_HEADER = YES;
				CLANG_WARN_RANGE_LOOP_ANALYSIS = YES;
				CLANG_WARN_STRICT_PROTOTYPES = YES;
				CLANG_WARN_SUSPICIOUS_MOVE = YES;
				CLANG_WARN_UNGUARDED_AVAILABILITY = YES_AGGRESSIVE;
				CLANG_WARN_UNREACHABLE_CODE = YES;
				CLANG_WARN__DUPLICATE_METHOD_MATCH = YES;
				COPY_PHASE_STRIP = NO;
				DEBUG_INFORMATION_FORMAT = "dwarf-with-dsym";
				ENABLE_NS_ASSERTIONS = NO;
				ENABLE_STRICT_OBJC_MSGSEND = YES;
				ENABLE_USER_SCRIPT_SANDBOXING = YES;
				GCC_C_LANGUAGE_STANDARD = gnu17;
				GCC_NO_COMMON_BLOCKS = YES;
				GCC_WARN_64_TO_32_BIT_CONVERSION = YES;
				GCC_WARN_ABOUT_RETURN_TYPE = YES_ERROR;
				GCC_WARN_UNDECLARED_SELECTOR = YES;
				GCC_WARN_UNINITIALIZED_AUTOS = YES_AGGRESSIVE;
				GCC_WARN_UNUSED_FUNCTION = YES;
				GCC_WARN_UNUSED_VARIABLE = YES;
				IPHONEOS_DEPLOYMENT_TARGET = 17.4;
				LOCALIZATION_PREFERS_STRING_CATALOGS = YES;
				MTL_ENABLE_DEBUG_INFO = NO;
				MTL_FAST_MATH = YES;
				SDKROOT = iphoneos;
				SWIFT_COMPILATION_MODE = wholemodule;
				VALIDATE_PRODUCT = YES;
			};
			name = Release;
		};
		E06B81CF2C6B7AA2009E4B40 /* Debug */ = {
			isa = XCBuildConfiguration;
			buildSettings = {
				ASSETCATALOG_COMPILER_APPICON_NAME = AppIcon;
				ASSETCATALOG_COMPILER_GLOBAL_ACCENT_COLOR_NAME = AccentColor;
				CODE_SIGN_STYLE = Automatic;
				CURRENT_PROJECT_VERSION = 1;
				GENERATE_INFOPLIST_FILE = YES;
				INFOPLIST_FILE = thisbookthatbook/Info.plist;
				INFOPLIST_KEY_CFBundleDisplayName = "이책저책";
				INFOPLIST_KEY_UIApplicationSupportsIndirectInputEvents = YES;
				INFOPLIST_KEY_UILaunchStoryboardName = LaunchScreen;
				INFOPLIST_KEY_UISupportedInterfaceOrientations = UIInterfaceOrientationPortrait;
				INFOPLIST_KEY_UISupportedInterfaceOrientations_iPad = "UIInterfaceOrientationLandscapeLeft UIInterfaceOrientationLandscapeRight UIInterfaceOrientationPortrait UIInterfaceOrientationPortraitUpsideDown";
				IPHONEOS_DEPLOYMENT_TARGET = 16.0;
				LD_RUNPATH_SEARCH_PATHS = (
					"$(inherited)",
					"@executable_path/Frameworks",
				);
				MARKETING_VERSION = 1.0;
				PRODUCT_BUNDLE_IDENTIFIER = jeongyun.thisbookthatbook;
				PRODUCT_NAME = "$(TARGET_NAME)";
				SUPPORTED_PLATFORMS = "iphoneos iphonesimulator";
				SUPPORTS_MACCATALYST = NO;
				SUPPORTS_MAC_DESIGNED_FOR_IPHONE_IPAD = NO;
				SUPPORTS_XR_DESIGNED_FOR_IPHONE_IPAD = NO;
				SWIFT_EMIT_LOC_STRINGS = YES;
				SWIFT_VERSION = 5.0;
				TARGETED_DEVICE_FAMILY = 1;
			};
			name = Debug;
		};
		E06B81D02C6B7AA2009E4B40 /* Release */ = {
			isa = XCBuildConfiguration;
			buildSettings = {
				ASSETCATALOG_COMPILER_APPICON_NAME = AppIcon;
				ASSETCATALOG_COMPILER_GLOBAL_ACCENT_COLOR_NAME = AccentColor;
				CODE_SIGN_STYLE = Automatic;
				CURRENT_PROJECT_VERSION = 1;
				GENERATE_INFOPLIST_FILE = YES;
				INFOPLIST_FILE = thisbookthatbook/Info.plist;
				INFOPLIST_KEY_CFBundleDisplayName = "이책저책";
				INFOPLIST_KEY_UIApplicationSupportsIndirectInputEvents = YES;
				INFOPLIST_KEY_UILaunchStoryboardName = LaunchScreen;
				INFOPLIST_KEY_UISupportedInterfaceOrientations = UIInterfaceOrientationPortrait;
				INFOPLIST_KEY_UISupportedInterfaceOrientations_iPad = "UIInterfaceOrientationLandscapeLeft UIInterfaceOrientationLandscapeRight UIInterfaceOrientationPortrait UIInterfaceOrientationPortraitUpsideDown";
				IPHONEOS_DEPLOYMENT_TARGET = 16.0;
				LD_RUNPATH_SEARCH_PATHS = (
					"$(inherited)",
					"@executable_path/Frameworks",
				);
				MARKETING_VERSION = 1.0;
				PRODUCT_BUNDLE_IDENTIFIER = jeongyun.thisbookthatbook;
				PRODUCT_NAME = "$(TARGET_NAME)";
				SUPPORTED_PLATFORMS = "iphoneos iphonesimulator";
				SUPPORTS_MACCATALYST = NO;
				SUPPORTS_MAC_DESIGNED_FOR_IPHONE_IPAD = NO;
				SUPPORTS_XR_DESIGNED_FOR_IPHONE_IPAD = NO;
				SWIFT_EMIT_LOC_STRINGS = YES;
				SWIFT_VERSION = 5.0;
				TARGETED_DEVICE_FAMILY = 1;
			};
			name = Release;
		};
/* End XCBuildConfiguration section */

/* Begin XCConfigurationList section */
		E06B81B52C6B7AA0009E4B40 /* Build configuration list for PBXProject "thisbookthatbook" */ = {
			isa = XCConfigurationList;
			buildConfigurations = (
				E06B81CC2C6B7AA2009E4B40 /* Debug */,
				E06B81CD2C6B7AA2009E4B40 /* Release */,
			);
			defaultConfigurationIsVisible = 0;
			defaultConfigurationName = Release;
		};
		E06B81CE2C6B7AA2009E4B40 /* Build configuration list for PBXNativeTarget "thisbookthatbook" */ = {
			isa = XCConfigurationList;
			buildConfigurations = (
				E06B81CF2C6B7AA2009E4B40 /* Debug */,
				E06B81D02C6B7AA2009E4B40 /* Release */,
			);
			defaultConfigurationIsVisible = 0;
			defaultConfigurationName = Release;
		};
/* End XCConfigurationList section */

/* Begin XCRemoteSwiftPackageReference section */
		E06B81DD2C6B7C3E009E4B40 /* XCRemoteSwiftPackageReference "Toast-Swift" */ = {
			isa = XCRemoteSwiftPackageReference;
			repositoryURL = "https://github.com/scalessec/Toast-Swift";
			requirement = {
				kind = upToNextMajorVersion;
				minimumVersion = 5.1.1;
			};
		};
		E06B81E02C6B7C48009E4B40 /* XCRemoteSwiftPackageReference "Alamofire" */ = {
			isa = XCRemoteSwiftPackageReference;
			repositoryURL = "https://github.com/Alamofire/Alamofire";
			requirement = {
				kind = upToNextMajorVersion;
				minimumVersion = 5.9.1;
			};
		};
		E06B81E32C6B7C5C009E4B40 /* XCRemoteSwiftPackageReference "Kingfisher" */ = {
			isa = XCRemoteSwiftPackageReference;
			repositoryURL = "https://github.com/onevcat/Kingfisher.git";
			requirement = {
				kind = upToNextMajorVersion;
				minimumVersion = 7.12.0;
			};
		};
		E06B81E62C6B7C6C009E4B40 /* XCRemoteSwiftPackageReference "RxSwift" */ = {
			isa = XCRemoteSwiftPackageReference;
			repositoryURL = "https://github.com/ReactiveX/RxSwift.git";
			requirement = {
				kind = upToNextMajorVersion;
				minimumVersion = 6.7.1;
			};
		};
		E06B81EB2C6B7C76009E4B40 /* XCRemoteSwiftPackageReference "SnapKit" */ = {
			isa = XCRemoteSwiftPackageReference;
			repositoryURL = "https://github.com/SnapKit/SnapKit";
			requirement = {
				kind = upToNextMajorVersion;
				minimumVersion = 5.7.1;
			};
		};
/* End XCRemoteSwiftPackageReference section */

/* Begin XCSwiftPackageProductDependency section */
		E06B81DE2C6B7C3E009E4B40 /* Toast */ = {
			isa = XCSwiftPackageProductDependency;
			package = E06B81DD2C6B7C3E009E4B40 /* XCRemoteSwiftPackageReference "Toast-Swift" */;
			productName = Toast;
		};
		E06B81E12C6B7C48009E4B40 /* Alamofire */ = {
			isa = XCSwiftPackageProductDependency;
			package = E06B81E02C6B7C48009E4B40 /* XCRemoteSwiftPackageReference "Alamofire" */;
			productName = Alamofire;
		};
		E06B81E42C6B7C5C009E4B40 /* Kingfisher */ = {
			isa = XCSwiftPackageProductDependency;
			package = E06B81E32C6B7C5C009E4B40 /* XCRemoteSwiftPackageReference "Kingfisher" */;
			productName = Kingfisher;
		};
		E06B81E72C6B7C6C009E4B40 /* RxCocoa */ = {
			isa = XCSwiftPackageProductDependency;
			package = E06B81E62C6B7C6C009E4B40 /* XCRemoteSwiftPackageReference "RxSwift" */;
			productName = RxCocoa;
		};
		E06B81E92C6B7C6C009E4B40 /* RxSwift */ = {
			isa = XCSwiftPackageProductDependency;
			package = E06B81E62C6B7C6C009E4B40 /* XCRemoteSwiftPackageReference "RxSwift" */;
			productName = RxSwift;
		};
		E06B81EC2C6B7C76009E4B40 /* SnapKit */ = {
			isa = XCSwiftPackageProductDependency;
			package = E06B81EB2C6B7C76009E4B40 /* XCRemoteSwiftPackageReference "SnapKit" */;
			productName = SnapKit;
		};
/* End XCSwiftPackageProductDependency section */
	};
	rootObject = E06B81B22C6B7AA0009E4B40 /* Project object */;
}
